<?xml version="1.0" encoding="utf-8"?>
<Project ToolsVersion="4.0" xmlns="http://schemas.microsoft.com/developer/msbuild/2003">
  <ItemGroup>
    <Filter Include="Resource Files">
      <UniqueIdentifier>{67DA6AB6-F800-4c08-8B7A-83BB121AAD01}</UniqueIdentifier>
      <Extensions>rc;ico;cur;bmp;dlg;rc2;rct;bin;rgs;gif;jpg;jpeg;jpe;resx;tiff;tif;png;wav;mfcribbon-ms</Extensions>
    </Filter>
    <Filter Include="Project Files">
      <UniqueIdentifier>{4190520f-0739-4dbf-965f-7b464431ac27}</UniqueIdentifier>
    </Filter>
    <Filter Include="Project Files\TestComponent">
      <UniqueIdentifier>{adf5ca6c-4e45-49e5-aea7-566ecd32f9a1}</UniqueIdentifier>
    </Filter>
  </ItemGroup>
  <ItemGroup>
    <ClInclude Include="TestComponent\TestToolsComponent.h">
      <Filter>Project Files\TestComponent</Filter>
    </ClInclude>
  </ItemGroup>
  <ItemGroup>
    <ClCompile Include="TestComponent\TestToolsComponent.cpp">
      <Filter>Project Files\TestComponent</Filter>
    </ClCompile>
    <ClCompile Include="Components.cpp">
      <Filter>Project Files</Filter>
    </ClCompile>
  </ItemGroup>
  <ItemGroup>
    <None Include="packages.config" />
  </ItemGroup>
</Project>