<?xml version="1.0" encoding="utf-8"?>
<Project ToolsVersion="4.0" xmlns="http://schemas.microsoft.com/developer/msbuild/2003">
  <ItemGroup>
    <Filter Include="Resource Files">
      <UniqueIdentifier>{67DA6AB6-F800-4c08-8B7A-83BB121AAD01}</UniqueIdentifier>
      <Extensions>rc;ico;cur;bmp;dlg;rc2;rct;bin;rgs;gif;jpg;jpeg;jpe;resx;tiff;tif;png;wav;mfcribbon-ms</Extensions>
    </Filter>
    <Filter Include="PreCompile">
      <UniqueIdentifier>{37679261-342a-4b3f-874e-325697e821f1}</UniqueIdentifier>
    </Filter>
    <Filter Include="ProjectFiles">
      <UniqueIdentifier>{bf7df1e5-36b4-4d60-93e3-b72139441afb}</UniqueIdentifier>
    </Filter>
  </ItemGroup>
  <ItemGroup>
    <ClInclude Include="framework.h">
      <Filter>PreCompile</Filter>
    </ClInclude>
    <ClInclude Include="pch.h">
      <Filter>PreCompile</Filter>
    </ClInclude>
  </ItemGroup>
  <ItemGroup>
    <ClCompile Include="MathHelpers.cpp">
      <Filter>PreCompile</Filter>
    </ClCompile>
    <ClCompile Include="pch.cpp">
      <Filter>PreCompile</Filter>
    </ClCompile>
  </ItemGroup>
</Project>