<?xml version="1.0" encoding="utf-8"?>
<Project ToolsVersion="4.0" xmlns="http://schemas.microsoft.com/developer/msbuild/2003">
  <ItemGroup>
    <Filter Include="Resource Files">
      <UniqueIdentifier>{67DA6AB6-F800-4c08-8B7A-83BB121AAD01}</UniqueIdentifier>
      <Extensions>rc;ico;cur;bmp;dlg;rc2;rct;bin;rgs;gif;jpg;jpeg;jpe;resx;tiff;tif;png;wav;mfcribbon-ms</Extensions>
    </Filter>
    <Filter Include="ProjectFiles">
      <UniqueIdentifier>{89791b07-f067-477c-9842-e37d86468725}</UniqueIdentifier>
    </Filter>
    <Filter Include="ProjectFiles\API">
      <UniqueIdentifier>{1de0a4a8-2746-4602-ae2a-f021d4a0891b}</UniqueIdentifier>
    </Filter>
    <Filter Include="PreCompile">
      <UniqueIdentifier>{ce3d9784-7fd9-4c86-ad6b-451c2978b91d}</UniqueIdentifier>
    </Filter>
  </ItemGroup>
  <ItemGroup>
    <ClInclude Include="File.h">
      <Filter>ProjectFiles\API</Filter>
    </ClInclude>
    <ClInclude Include="pch.h">
      <Filter>PreCompile</Filter>
    </ClInclude>
    <ClInclude Include="framework.h">
      <Filter>PreCompile</Filter>
    </ClInclude>
  </ItemGroup>
  <ItemGroup>
    <ClCompile Include="File.cpp">
      <Filter>ProjectFiles</Filter>
    </ClCompile>
    <ClCompile Include="pch.cpp">
      <Filter>PreCompile</Filter>
    </ClCompile>
  </ItemGroup>
</Project>