<?xml version="1.0" encoding="utf-8"?>
<Project ToolsVersion="4.0" xmlns="http://schemas.microsoft.com/developer/msbuild/2003">
  <ItemGroup>
    <Filter Include="Source Files">
      <UniqueIdentifier>{4FC737F1-C7A5-4376-A066-2A32D752A2FF}</UniqueIdentifier>
      <Extensions>cpp;c;cc;cxx;c++;cppm;ixx;def;odl;idl;hpj;bat;asm;asmx</Extensions>
    </Filter>
    <Filter Include="Header Files">
      <UniqueIdentifier>{93995380-89BD-4b04-88EB-625FBE52EBFB}</UniqueIdentifier>
      <Extensions>h;hh;hpp;hxx;h++;hm;inl;inc;ipp;xsd</Extensions>
    </Filter>
    <Filter Include="Resource Files">
      <UniqueIdentifier>{67DA6AB6-F800-4c08-8B7A-83BB121AAD01}</UniqueIdentifier>
      <Extensions>rc;ico;cur;bmp;dlg;rc2;rct;bin;rgs;gif;jpg;jpeg;jpe;resx;tiff;tif;png;wav;mfcribbon-ms</Extensions>
    </Filter>
    <Filter Include="Header Files\Converters">
      <UniqueIdentifier>{80f629a9-efd6-4e74-9d7d-408b95127d11}</UniqueIdentifier>
    </Filter>
    <Filter Include="Source Files\Converters">
      <UniqueIdentifier>{1c670306-4b36-4e99-be6c-a3eba5bcd32d}</UniqueIdentifier>
    </Filter>
  </ItemGroup>
  <ItemGroup>
    <ClInclude Include="framework.h">
      <Filter>Header Files</Filter>
    </ClInclude>
    <ClInclude Include="pch.h">
      <Filter>Header Files</Filter>
    </ClInclude>
    <ClInclude Include="RapidXML.h">
      <Filter>Header Files</Filter>
    </ClInclude>
    <ClInclude Include="RapidXMLAttribute.h">
      <Filter>Header Files</Filter>
    </ClInclude>
    <ClInclude Include="RapidXMLDocument.h">
      <Filter>Header Files</Filter>
    </ClInclude>
    <ClInclude Include="AllReferences.h">
      <Filter>Header Files</Filter>
    </ClInclude>
    <ClInclude Include="FatedQuestLibraries.h">
      <Filter>Header Files</Filter>
    </ClInclude>
    <ClInclude Include="RapidXMLNode.h">
      <Filter>Header Files</Filter>
    </ClInclude>
    <ClInclude Include="Converters\RapidDocumentToXml.h">
      <Filter>Header Files\Converters</Filter>
    </ClInclude>
    <ClInclude Include="Converters\XmlToModifiableDocument.h">
      <Filter>Header Files\Converters</Filter>
    </ClInclude>
  </ItemGroup>
  <ItemGroup>
    <ClCompile Include="pch.cpp">
      <Filter>Source Files</Filter>
    </ClCompile>
    <ClCompile Include="RapidXMLAttribute.cpp">
      <Filter>Source Files</Filter>
    </ClCompile>
    <ClCompile Include="RapidXMLDocument.cpp">
      <Filter>Source Files</Filter>
    </ClCompile>
    <ClCompile Include="RapidXMLNode.cpp">
      <Filter>Source Files</Filter>
    </ClCompile>
    <ClCompile Include="Converters\RapidDocumentToXml.cpp">
      <Filter>Source Files\Converters</Filter>
    </ClCompile>
    <ClCompile Include="Converters\XmlToModifiableDocument.cpp">
      <Filter>Source Files\Converters</Filter>
    </ClCompile>
  </ItemGroup>
  <ItemGroup>
    <None Include="packages.config" />
  </ItemGroup>
</Project>