<?xml version="1.0" encoding="utf-8"?>
<Project ToolsVersion="4.0" xmlns="http://schemas.microsoft.com/developer/msbuild/2003">
  <ItemGroup>
    <ClCompile Include="Engine\Input\ControllerLayoutFromXMLTests.cpp">
      <Filter>Project Files\Engine\Input</Filter>
    </ClCompile>
    <ClCompile Include="Structural\Spatial\Area\RectangleTests.cpp">
      <Filter>Project Files\Structural\Spatial\Area</Filter>
    </ClCompile>
    <ClCompile Include="Structural\Spatial\Area\CircleTests.cpp">
      <Filter>Project Files\Structural\Spatial\Area</Filter>
    </ClCompile>
    <ClCompile Include="LibraryIncludes.h" />
    <ClCompile Include="$(MSBuildThisFileDirectory)..\..\lib\native\src\gtest\gtest-all.cc">
      <Filter>Package Files</Filter>
    </ClCompile>
    <ClCompile Include="$(MSBuildThisFileDirectory)..\..\lib\native\src\gmock\gmock-all.cc">
      <Filter>Package Files</Filter>
    </ClCompile>
    <ClCompile Include="Engine\Graphics\SplitTextureTests.cpp">
      <Filter>Project Files\Engine\Graphics</Filter>
    </ClCompile>
    <ClCompile Include="Structural\Spatial\Area\RectangleIntTests.cpp">
      <Filter>Project Files\Structural\Spatial\Area</Filter>
    </ClCompile>
    <ClCompile Include="UserInterface\Text\FontFaceTests.cpp">
      <Filter>Project Files\UserInterface\Text</Filter>
    </ClCompile>
    <ClCompile Include="Engine\AuthoredLoader\XMLPrimitiveDataLoaderTests.cpp">
      <Filter>Project Files\Engine\AuthoredLoader</Filter>
    </ClCompile>
    <ClCompile Include="Engine\AuthoredLoader\PrimitiveDataTests.cpp">
      <Filter>Project Files\Engine\AuthoredLoader</Filter>
    </ClCompile>
    <ClCompile Include="Engine\AuthoredLoader\ParsedDataTests.cpp">
      <Filter>Project Files\Engine\AuthoredLoader</Filter>
    </ClCompile>
    <ClCompile Include="Engine\AuthoredLoader\SceneDataParserTests.cpp">
      <Filter>Project Files\Engine\AuthoredLoader</Filter>
    </ClCompile>
  </ItemGroup>
  <ItemGroup>
    <Filter Include="Project Files">
      <UniqueIdentifier>{82f34a53-2f09-4a16-a9d8-bf35a280f565}</UniqueIdentifier>
    </Filter>
    <Filter Include="Package Files">
      <UniqueIdentifier>{00f4f50b-624e-494a-81a9-337dbda439c4}</UniqueIdentifier>
    </Filter>
    <Filter Include="Project Files\Engine">
      <UniqueIdentifier>{de3c89fd-2d34-4c64-b28c-156de61e7a05}</UniqueIdentifier>
    </Filter>
    <Filter Include="Project Files\Engine\Input">
      <UniqueIdentifier>{2d2aa0b9-46e4-4e1e-bee5-81a5784d9b0e}</UniqueIdentifier>
    </Filter>
    <Filter Include="Project Files\Structural">
      <UniqueIdentifier>{c5ef3ac7-6c02-4b4a-a0bd-8e61010cbd31}</UniqueIdentifier>
    </Filter>
    <Filter Include="Project Files\Structural\Spatial">
      <UniqueIdentifier>{88b15b17-ad5a-4df7-85a4-369ae32ba3bd}</UniqueIdentifier>
    </Filter>
    <Filter Include="Project Files\Structural\Spatial\Area">
      <UniqueIdentifier>{ce6abbec-f949-48bb-b24c-cb2413db577b}</UniqueIdentifier>
    </Filter>
    <Filter Include="Project Files\Engine\Graphics">
      <UniqueIdentifier>{d1fbffe5-6653-4d05-a14b-9149056b02b4}</UniqueIdentifier>
    </Filter>
    <Filter Include="Project Files\UserInterface">
      <UniqueIdentifier>{13a91f47-d06c-43be-9ba9-0fbc8d14ebc5}</UniqueIdentifier>
    </Filter>
    <Filter Include="Project Files\UserInterface\Text">
      <UniqueIdentifier>{70a7e2d0-fad4-428d-bbb5-5f6266fde416}</UniqueIdentifier>
    </Filter>
    <Filter Include="Project Files\Engine\AuthoredLoader">
      <UniqueIdentifier>{87a0cde0-5c69-487f-b77f-d125cf5c0797}</UniqueIdentifier>
    </Filter>
  </ItemGroup>
  <ItemGroup>
    <None Include="packages.config">
      <Filter>Package Files</Filter>
    </None>
  </ItemGroup>
  <ItemGroup>
    <ClInclude Include="Engine\Graphics\MockSuperTexture.h">
      <Filter>Project Files\Engine\Graphics</Filter>
    </ClInclude>
  </ItemGroup>
</Project>