<?xml version="1.0" encoding="utf-8"?>
<Project ToolsVersion="4.0" xmlns="http://schemas.microsoft.com/developer/msbuild/2003">
  <ItemGroup>
    <Filter Include="Source Files">
      <UniqueIdentifier>{4FC737F1-C7A5-4376-A066-2A32D752A2FF}</UniqueIdentifier>
      <Extensions>cpp;c;cc;cxx;c++;cppm;ixx;def;odl;idl;hpj;bat;asm;asmx</Extensions>
    </Filter>
    <Filter Include="Header Files">
      <UniqueIdentifier>{93995380-89BD-4b04-88EB-625FBE52EBFB}</UniqueIdentifier>
      <Extensions>h;hh;hpp;hxx;h++;hm;inl;inc;ipp;xsd</Extensions>
    </Filter>
    <Filter Include="Resource Files">
      <UniqueIdentifier>{67DA6AB6-F800-4c08-8B7A-83BB121AAD01}</UniqueIdentifier>
      <Extensions>rc;ico;cur;bmp;dlg;rc2;rct;bin;rgs;gif;jpg;jpeg;jpe;resx;tiff;tif;png;wav;mfcribbon-ms</Extensions>
    </Filter>
    <Filter Include="Header Files\EngineEntry">
      <UniqueIdentifier>{39d24f20-5ed8-4add-9c9c-7c599b8bbb0f}</UniqueIdentifier>
    </Filter>
    <Filter Include="Source Files\EngineEntry">
      <UniqueIdentifier>{6615a4c4-efe0-4e80-ac05-26f9467eb023}</UniqueIdentifier>
    </Filter>
    <Filter Include="Source Files\Engine">
      <UniqueIdentifier>{067501bb-680e-4bb5-8117-b38c0d383c2c}</UniqueIdentifier>
    </Filter>
    <Filter Include="Source Files\DebugEngine">
      <UniqueIdentifier>{a02aeb77-74f7-41e9-90c0-445471fa9bc5}</UniqueIdentifier>
    </Filter>
    <Filter Include="Header Files\Engine">
      <UniqueIdentifier>{73c6bc16-d182-46ae-9de9-1f40ad91294c}</UniqueIdentifier>
    </Filter>
    <Filter Include="Header Files\DebugEngine">
      <UniqueIdentifier>{baf6ca17-3018-43a8-8eff-5c1319880f51}</UniqueIdentifier>
    </Filter>
    <Filter Include="Header Files\Engine\Graphics">
      <UniqueIdentifier>{64e16c7b-68ab-4055-87c9-7862a70d0bcb}</UniqueIdentifier>
    </Filter>
    <Filter Include="Header Files\Engine\Graphics\Texture">
      <UniqueIdentifier>{69bd23eb-9628-4e17-b19e-3cdec9dd00d8}</UniqueIdentifier>
    </Filter>
    <Filter Include="Source Files\Engine\Graphics">
      <UniqueIdentifier>{3618165d-bd8c-41d9-b708-48533c01b4eb}</UniqueIdentifier>
    </Filter>
    <Filter Include="Source Files\Engine\Graphics\Texture">
      <UniqueIdentifier>{7c36127e-bac3-4c15-9315-733bba5b8253}</UniqueIdentifier>
    </Filter>
    <Filter Include="Source Files\Structural">
      <UniqueIdentifier>{a0552830-085c-4d0a-bcbf-77cf1b013ab4}</UniqueIdentifier>
    </Filter>
    <Filter Include="Source Files\Structural\Spatial">
      <UniqueIdentifier>{dfd8aae0-b43d-46ec-9768-04fb023e6922}</UniqueIdentifier>
    </Filter>
    <Filter Include="Header Files\Structural">
      <UniqueIdentifier>{a0330dfd-27a3-423c-98f0-7dffe467a690}</UniqueIdentifier>
    </Filter>
    <Filter Include="Header Files\Structural\Spatial">
      <UniqueIdentifier>{2ea5c298-246e-4203-8644-5301f9006443}</UniqueIdentifier>
    </Filter>
  </ItemGroup>
  <ItemGroup>
    <ClCompile Include="main.cpp">
      <Filter>Source Files</Filter>
    </ClCompile>
    <ClCompile Include="EngineEntry\EngineEntry.cpp">
      <Filter>Source Files\EngineEntry</Filter>
    </ClCompile>
    <ClCompile Include="Engine\MainEngine.cpp">
      <Filter>Source Files\Engine</Filter>
    </ClCompile>
    <ClCompile Include="DebugEngine\DebugEngine.cpp">
      <Filter>Source Files\DebugEngine</Filter>
    </ClCompile>
    <ClCompile Include="Engine\Graphics\Texture\Texture.cpp">
      <Filter>Source Files\Engine\Graphics\Texture</Filter>
    </ClCompile>
    <ClCompile Include="Engine\Graphics\Texture\SDLRenderer.cpp">
      <Filter>Source Files\Engine\Graphics\Texture</Filter>
    </ClCompile>
    <ClCompile Include="Engine\Graphics\Texture\SDLRendererReader.cpp">
      <Filter>Source Files\Engine\Graphics\Texture</Filter>
    </ClCompile>
    <ClCompile Include="Engine\Graphics\Texture\SuperTexture.cpp">
      <Filter>Source Files\Engine\Graphics\Texture</Filter>
    </ClCompile>
    <ClCompile Include="Engine\Graphics\Texture\SuperTextureWrapper.cpp">
      <Filter>Source Files\Engine\Graphics\Texture</Filter>
    </ClCompile>
    <ClCompile Include="Structural\Spatial\RectangleInt.cpp">
      <Filter>Source Files\Structural\Spatial</Filter>
    </ClCompile>
  </ItemGroup>
  <ItemGroup>
    <ClInclude Include="EngineEntry\EngineEntry.h">
      <Filter>Header Files\EngineEntry</Filter>
    </ClInclude>
    <ClInclude Include="EngineEntry\Engine.h">
      <Filter>Header Files\EngineEntry</Filter>
    </ClInclude>
    <ClInclude Include="Engine\MainEngine.h">
      <Filter>Header Files\Engine</Filter>
    </ClInclude>
    <ClInclude Include="DebugEngine\DebugEngine.h">
      <Filter>Header Files\DebugEngine</Filter>
    </ClInclude>
    <ClInclude Include="EngineEntry\ApplicationOperationState.h">
      <Filter>Header Files\EngineEntry</Filter>
    </ClInclude>
    <ClInclude Include="Engine\Graphics\Texture\Texture.h">
      <Filter>Header Files\Engine\Graphics\Texture</Filter>
    </ClInclude>
    <ClInclude Include="FatedQuestReferences.h">
      <Filter>Header Files</Filter>
    </ClInclude>
    <ClInclude Include="Engine\Graphics\Texture\SDLRenderer.h">
      <Filter>Header Files\Engine\Graphics\Texture</Filter>
    </ClInclude>
    <ClInclude Include="Engine\Graphics\Texture\SDLRendererState.h">
      <Filter>Header Files\Engine\Graphics\Texture</Filter>
    </ClInclude>
    <ClInclude Include="Engine\Graphics\Texture\SDLRendererReader.h">
      <Filter>Header Files\Engine\Graphics\Texture</Filter>
    </ClInclude>
    <ClInclude Include="Engine\Graphics\Texture\SuperTexture.h">
      <Filter>Header Files\Engine\Graphics\Texture</Filter>
    </ClInclude>
    <ClInclude Include="Engine\Graphics\Texture\SuperTextureWrapper.h">
      <Filter>Header Files\Engine\Graphics\Texture</Filter>
    </ClInclude>
    <ClInclude Include="Structural\Spatial\RectangleInt.h">
      <Filter>Header Files\Structural\Spatial</Filter>
    </ClInclude>
  </ItemGroup>
  <ItemGroup>
    <None Include="packages.config" />
  </ItemGroup>
</Project>