<?xml version="1.0" encoding="utf-8"?>
<Project ToolsVersion="4.0" xmlns="http://schemas.microsoft.com/developer/msbuild/2003">
  <ItemGroup>
    <Filter Include="Resource Files">
      <UniqueIdentifier>{67DA6AB6-F800-4c08-8B7A-83BB121AAD01}</UniqueIdentifier>
      <Extensions>rc;ico;cur;bmp;dlg;rc2;rct;bin;rgs;gif;jpg;jpeg;jpe;resx;tiff;tif;png;wav;mfcribbon-ms</Extensions>
    </Filter>
    <Filter Include="Project Files">
      <UniqueIdentifier>{23faad6a-9996-46c2-97d6-3252a09c99d1}</UniqueIdentifier>
    </Filter>
    <Filter Include="Project Files\Native">
      <UniqueIdentifier>{a22b249e-709c-434e-9e8a-b7e296771c0c}</UniqueIdentifier>
    </Filter>
    <Filter Include="Project Files\Native\Graphics">
      <UniqueIdentifier>{d048ad31-d572-4390-b9a8-eb1b3e5a3ecb}</UniqueIdentifier>
    </Filter>
    <Filter Include="Project Files\Native\Graphics\API">
      <UniqueIdentifier>{10c9ad40-1aa5-4cf7-9b01-b7f7199dd71c}</UniqueIdentifier>
    </Filter>
    <Filter Include="Project Files\Structural">
      <UniqueIdentifier>{1304aec7-3d3b-4bb4-843d-cd76a48c1099}</UniqueIdentifier>
    </Filter>
    <Filter Include="Project Files\Structural\Scene">
      <UniqueIdentifier>{70fe1487-d485-41b7-969e-19044611b783}</UniqueIdentifier>
    </Filter>
    <Filter Include="Project Files\Structural\Scene\API">
      <UniqueIdentifier>{98fa3ba9-3f10-444f-a014-1dd5f4343076}</UniqueIdentifier>
    </Filter>
  </ItemGroup>
  <ItemGroup>
    <ClCompile Include="Native\Graphics\Texture.cpp">
      <Filter>Project Files\Native\Graphics</Filter>
    </ClCompile>
    <ClCompile Include="Structural\Scene\GrandScene.cpp">
      <Filter>Project Files\Structural\Scene</Filter>
    </ClCompile>
  </ItemGroup>
  <ItemGroup>
    <ClInclude Include="Native\Graphics\Texture.h">
      <Filter>Project Files\Native\Graphics\API</Filter>
    </ClInclude>
    <ClInclude Include="Structural\Scene\GrandScene.h">
      <Filter>Project Files\Structural\Scene\API</Filter>
    </ClInclude>
    <ClInclude Include="LibraryIncludes.h">
      <Filter>Project Files</Filter>
    </ClInclude>
  </ItemGroup>
  <ItemGroup>
    <None Include="packages.config" />
  </ItemGroup>
</Project>