<?xml version="1.0" encoding="utf-8"?>
<Project ToolsVersion="4.0" xmlns="http://schemas.microsoft.com/developer/msbuild/2003">
  <ItemGroup>
    <Filter Include="Source Files">
      <UniqueIdentifier>{4FC737F1-C7A5-4376-A066-2A32D752A2FF}</UniqueIdentifier>
      <Extensions>cpp;c;cc;cxx;c++;cppm;ixx;def;odl;idl;hpj;bat;asm;asmx</Extensions>
    </Filter>
    <Filter Include="Header Files">
      <UniqueIdentifier>{93995380-89BD-4b04-88EB-625FBE52EBFB}</UniqueIdentifier>
      <Extensions>h;hh;hpp;hxx;h++;hm;inl;inc;ipp;xsd</Extensions>
    </Filter>
    <Filter Include="Resource Files">
      <UniqueIdentifier>{67DA6AB6-F800-4c08-8B7A-83BB121AAD01}</UniqueIdentifier>
      <Extensions>rc;ico;cur;bmp;dlg;rc2;rct;bin;rgs;gif;jpg;jpeg;jpe;resx;tiff;tif;png;wav;mfcribbon-ms</Extensions>
    </Filter>
    <Filter Include="Header Files\GamePackage">
      <UniqueIdentifier>{c008d8c4-214a-4fb1-8d25-8d851c6da491}</UniqueIdentifier>
    </Filter>
    <Filter Include="Source Files\GamePackage">
      <UniqueIdentifier>{087b2b1f-0c01-420e-acb0-fa40703ed1dc}</UniqueIdentifier>
    </Filter>
    <Filter Include="Header Files\GamePackage\FileSystem">
      <UniqueIdentifier>{b74b17e4-71df-4646-8f8b-e8b18982a073}</UniqueIdentifier>
    </Filter>
    <Filter Include="Source Files\GamePackage\FileSystem">
      <UniqueIdentifier>{91ac7bed-12fb-4436-8fed-6ace69d79372}</UniqueIdentifier>
    </Filter>
  </ItemGroup>
  <ItemGroup>
    <ClInclude Include="framework.h">
      <Filter>Header Files</Filter>
    </ClInclude>
    <ClInclude Include="pch.h">
      <Filter>Header Files</Filter>
    </ClInclude>
    <ClInclude Include="GamePackage\GamePackage.h">
      <Filter>Header Files\GamePackage</Filter>
    </ClInclude>
    <ClInclude Include="GamePackage\SGEPackagePaths.h">
      <Filter>Header Files\GamePackage</Filter>
    </ClInclude>
    <ClInclude Include="GamePackage\CombinedGamePackage.h">
      <Filter>Header Files\GamePackage</Filter>
    </ClInclude>
    <ClInclude Include="FatedQuestReferences.h">
      <Filter>Header Files</Filter>
    </ClInclude>
    <ClInclude Include="GamePackage\PackageFileUnarchived.h">
      <Filter>Header Files\GamePackage</Filter>
    </ClInclude>
    <ClInclude Include="GamePackage\PackageFilePathing.h">
      <Filter>Header Files\GamePackage</Filter>
    </ClInclude>
    <ClInclude Include="GamePackage\PackageFileArchived.h">
      <Filter>Header Files\GamePackage</Filter>
    </ClInclude>
    <ClInclude Include="GamePackage\PackagePaths.h">
      <Filter>Header Files\GamePackage</Filter>
    </ClInclude>
    <ClInclude Include="GamePackage\PackageFile.h">
      <Filter>Header Files\GamePackage</Filter>
    </ClInclude>
    <ClInclude Include="GamePackage\FileSystem\GamePackageFileSystem.h">
      <Filter>Header Files\GamePackage\FileSystem</Filter>
    </ClInclude>
    <ClInclude Include="GamePackage\FileSystem\GamePackageFileSystemDirectory.h">
      <Filter>Header Files\GamePackage\FileSystem</Filter>
    </ClInclude>
    <ClInclude Include="GamePackage\FileSystem\GamePackageFileSystemFile.h">
      <Filter>Header Files\GamePackage\FileSystem</Filter>
    </ClInclude>
    <ClInclude Include="GamePackage\FileSystem\PackageFileOrigin.h">
      <Filter>Header Files\GamePackage\FileSystem</Filter>
    </ClInclude>
    <ClInclude Include="GamePackage\FileSystem\PackageFileSystem.h">
      <Filter>Header Files\GamePackage\FileSystem</Filter>
    </ClInclude>
    <ClInclude Include="GamePackage\FileSystem\PackageFileSystemDirectory.h">
      <Filter>Header Files\GamePackage\FileSystem</Filter>
    </ClInclude>
    <ClInclude Include="GamePackage\FileSystem\PackageFileSystemFile.h">
      <Filter>Header Files\GamePackage\FileSystem</Filter>
    </ClInclude>
    <ClInclude Include="GamePackage\FileSystem\PackageFiles.h">
      <Filter>Header Files</Filter>
    </ClInclude>
  </ItemGroup>
  <ItemGroup>
    <ClCompile Include="pch.cpp">
      <Filter>Source Files</Filter>
    </ClCompile>
    <ClCompile Include="GamePackage\PackageFileUnarchived.cpp">
      <Filter>Source Files\GamePackage</Filter>
    </ClCompile>
    <ClCompile Include="GamePackage\SGEPackagePaths.cpp">
      <Filter>Source Files\GamePackage</Filter>
    </ClCompile>
    <ClCompile Include="GamePackage\PackageFilePathing.cpp">
      <Filter>Source Files\GamePackage</Filter>
    </ClCompile>
    <ClCompile Include="GamePackage\CombinedGamePackage.cpp">
      <Filter>Source Files\GamePackage</Filter>
    </ClCompile>
    <ClCompile Include="GamePackage\PackageFileArchived.cpp">
      <Filter>Source Files\GamePackage</Filter>
    </ClCompile>
    <ClCompile Include="GamePackage\FileSystem\GamePackageFileSystem.cpp">
      <Filter>Source Files\GamePackage\FileSystem</Filter>
    </ClCompile>
    <ClCompile Include="GamePackage\FileSystem\GamePackageFileSystemDirectory.cpp">
      <Filter>Source Files\GamePackage\FileSystem</Filter>
    </ClCompile>
    <ClCompile Include="GamePackage\FileSystem\GamePackageFileSystemFile.cpp">
      <Filter>Source Files\GamePackage\FileSystem</Filter>
    </ClCompile>
    <ClCompile Include="GamePackage\FileSystem\PackageFiles.cpp">
      <Filter>Source Files\GamePackage\FileSystem</Filter>
    </ClCompile>
  </ItemGroup>
  <ItemGroup>
    <None Include="packages.config" />
  </ItemGroup>
</Project>