<?xml version="1.0" encoding="utf-8"?>
<Project ToolsVersion="4.0" xmlns="http://schemas.microsoft.com/developer/msbuild/2003">
  <ItemGroup>
    <ClCompile Include="pch.cpp" />
    <ClCompile Include="GamePackage\PackageFileUnarchivedTests.cpp">
      <Filter>GamePackage</Filter>
    </ClCompile>
    <ClCompile Include="GamePackage\GamePackageFileSystemFileTests.cpp">
      <Filter>GamePackage</Filter>
    </ClCompile>
    <ClCompile Include="GamePackage\GamePackageFileSystemDirectoryTests.cpp">
      <Filter>GamePackage</Filter>
    </ClCompile>
  </ItemGroup>
  <ItemGroup>
    <ClInclude Include="pch.h" />
    <ClInclude Include="GamePackage\Stub\StubPackagePaths.h">
      <Filter>GamePackage\Stub</Filter>
    </ClInclude>
    <ClInclude Include="GamePackage\Stub\StubPackageFile.h">
      <Filter>GamePackage\Stub</Filter>
    </ClInclude>
  </ItemGroup>
  <ItemGroup>
    <Filter Include="GamePackage">
      <UniqueIdentifier>{d3e4e096-191a-4fee-a1d6-1cc05ca112df}</UniqueIdentifier>
    </Filter>
    <Filter Include="GamePackage\Stub">
      <UniqueIdentifier>{b9a90f65-e139-496d-a9f1-e6f3602731b9}</UniqueIdentifier>
    </Filter>
  </ItemGroup>
  <ItemGroup>
    <None Include="packages.config" />
  </ItemGroup>
</Project>