
Microsoft Visual Studio Solution File, Format Version 12.00
# Visual Studio Version 17
VisualStudioVersion = 17.9.34714.143
MinimumVisualStudioVersion = 10.0.40219.1
Project("{FAE04EC0-301F-11D3-BF4B-00C04F79EFBC}") = "FatedLauncher", "FatedLauncher\FatedLauncher.csproj", "{7335F267-CBC8-4F6D-B4EC-CE2E6F779FC4}"
EndProject
Global
	GlobalSection(SolutionConfigurationPlatforms) = preSolution
		Debug|Any CPU = Debug|Any CPU
		Release|Any CPU = Release|Any CPU
	EndGlobalSection
	GlobalSection(ProjectConfigurationPlatforms) = postSolution
		{7335F267-CBC8-4F6D-B4EC-CE2E6F779FC4}.Debug|Any CPU.ActiveCfg = Debug|Any CPU
		{7335F267-CBC8-4F6D-B4EC-CE2E6F779FC4}.Debug|Any CPU.Build.0 = Debug|Any CPU
		{7335F267-CBC8-4F6D-B4EC-CE2E6F779FC4}.Release|Any CPU.ActiveCfg = Release|Any CPU
		{7335F267-CBC8-4F6D-B4EC-CE2E6F779FC4}.Release|Any CPU.Build.0 = Release|Any CPU
	EndGlobalSection
	GlobalSection(SolutionProperties) = preSolution
		HideSolutionNode = FALSE
	EndGlobalSection
	GlobalSection(ExtensibilityGlobals) = postSolution
		SolutionGuid = {53E1F0EC-EAF2-4C4B-8799-75E7CC917405}
	EndGlobalSection
EndGlobal
