<?xml version="1.0" encoding="utf-8"?>
<Project ToolsVersion="4.0" xmlns="http://schemas.microsoft.com/developer/msbuild/2003">
  <ItemGroup>
    <Filter Include="Source Files">
      <UniqueIdentifier>{4FC737F1-C7A5-4376-A066-2A32D752A2FF}</UniqueIdentifier>
      <Extensions>cpp;c;cc;cxx;c++;cppm;ixx;def;odl;idl;hpj;bat;asm;asmx</Extensions>
    </Filter>
    <Filter Include="Header Files">
      <UniqueIdentifier>{93995380-89BD-4b04-88EB-625FBE52EBFB}</UniqueIdentifier>
      <Extensions>h;hh;hpp;hxx;h++;hm;inl;inc;ipp;xsd</Extensions>
    </Filter>
    <Filter Include="Resource Files">
      <UniqueIdentifier>{67DA6AB6-F800-4c08-8B7A-83BB121AAD01}</UniqueIdentifier>
      <Extensions>rc;ico;cur;bmp;dlg;rc2;rct;bin;rgs;gif;jpg;jpeg;jpe;resx;tiff;tif;png;wav;mfcribbon-ms</Extensions>
    </Filter>
    <Filter Include="Header Files\FileHandling">
      <UniqueIdentifier>{47af2f50-9ec2-4e83-88ca-5d87f44b5edb}</UniqueIdentifier>
    </Filter>
    <Filter Include="Source Files\FileHandling">
      <UniqueIdentifier>{5a648048-5cc7-4ecd-848e-1fb1751fc0a6}</UniqueIdentifier>
    </Filter>
    <Filter Include="Source Files\Text">
      <UniqueIdentifier>{eeaf2bfc-0444-4abc-ad32-190ffde6b7f0}</UniqueIdentifier>
    </Filter>
    <Filter Include="Header Files\Text">
      <UniqueIdentifier>{cc5c0bab-f0eb-49a0-8718-655fffaee48d}</UniqueIdentifier>
    </Filter>
    <Filter Include="Header Files\Number">
      <UniqueIdentifier>{7f008d7f-c129-4ad9-ba61-19ae4b6ecb79}</UniqueIdentifier>
    </Filter>
    <Filter Include="Source Files\Number">
      <UniqueIdentifier>{fd0f5d9a-e0eb-4ee7-85ba-c3f8dc890a85}</UniqueIdentifier>
    </Filter>
    <Filter Include="Header Files\Collection">
      <UniqueIdentifier>{d8b39d45-3d95-47c1-b492-a01303854d55}</UniqueIdentifier>
    </Filter>
    <Filter Include="Header Files\Collection\Vector">
      <UniqueIdentifier>{915b8e55-4bce-42db-8869-840e6ae33cdf}</UniqueIdentifier>
    </Filter>
    <Filter Include="Source Files\Collection">
      <UniqueIdentifier>{5c9508db-e7f3-4076-b2e5-9a823e5a67cf}</UniqueIdentifier>
    </Filter>
    <Filter Include="Source Files\Collection\Vector">
      <UniqueIdentifier>{a5303afa-23e8-457d-9456-93f75f31bbc8}</UniqueIdentifier>
    </Filter>
  </ItemGroup>
  <ItemGroup>
    <ClInclude Include="framework.h">
      <Filter>Header Files</Filter>
    </ClInclude>
    <ClInclude Include="pch.h">
      <Filter>Header Files</Filter>
    </ClInclude>
    <ClInclude Include="FileHandling\CopyFileOptions.h">
      <Filter>Header Files\FileHandling</Filter>
    </ClInclude>
    <ClInclude Include="FileHandling\CopyOptionsFileSystemHelper.h">
      <Filter>Header Files\FileHandling</Filter>
    </ClInclude>
    <ClInclude Include="FileHandling\Directory.h">
      <Filter>Header Files\FileHandling</Filter>
    </ClInclude>
    <ClInclude Include="FileHandling\File.h">
      <Filter>Header Files\FileHandling</Filter>
    </ClInclude>
    <ClInclude Include="AllReferences.h">
      <Filter>Header Files</Filter>
    </ClInclude>
    <ClInclude Include="Text\StringHelpers.h">
      <Filter>Header Files\Text</Filter>
    </ClInclude>
    <ClInclude Include="Text\StringAdvancedReplace.h">
      <Filter>Header Files\Text</Filter>
    </ClInclude>
    <ClInclude Include="Number\FloatingPointHelpers.h">
      <Filter>Header Files\Number</Filter>
    </ClInclude>
    <ClInclude Include="Number\IntHelpers.h">
      <Filter>Header Files\Number</Filter>
    </ClInclude>
    <ClInclude Include="FileHandling\FilePaths.h">
      <Filter>Header Files\FileHandling</Filter>
    </ClInclude>
    <ClInclude Include="Collection\Vector\VectorHelpers.h">
      <Filter>Header Files\Collection\Vector</Filter>
    </ClInclude>
  </ItemGroup>
  <ItemGroup>
    <ClCompile Include="pch.cpp">
      <Filter>Source Files</Filter>
    </ClCompile>
    <ClCompile Include="FileHandling\Directory.cpp">
      <Filter>Source Files\FileHandling</Filter>
    </ClCompile>
    <ClCompile Include="FileHandling\File.cpp">
      <Filter>Source Files\FileHandling</Filter>
    </ClCompile>
    <ClCompile Include="Text\StringAdvancedReplace.cpp">
      <Filter>Source Files\Text</Filter>
    </ClCompile>
    <ClCompile Include="Text\StringHelpers.cpp">
      <Filter>Source Files\Text</Filter>
    </ClCompile>
    <ClCompile Include="Number\FloatingPointHelpers.cpp">
      <Filter>Source Files\Number</Filter>
    </ClCompile>
    <ClCompile Include="Number\IntHelpers.cpp">
      <Filter>Source Files\Number</Filter>
    </ClCompile>
    <ClCompile Include="FileHandling\FilePaths.cpp">
      <Filter>Source Files\FileHandling</Filter>
    </ClCompile>
    <ClCompile Include="Collection\Vector\VectorHelpers.cpp">
      <Filter>Source Files\Collection\Vector</Filter>
    </ClCompile>
  </ItemGroup>
</Project>