<?xml version="1.0" encoding="utf-8"?>
<Project ToolsVersion="4.0" xmlns="http://schemas.microsoft.com/developer/msbuild/2003">
  <ItemGroup>
    <Filter Include="Source Files">
      <UniqueIdentifier>{4FC737F1-C7A5-4376-A066-2A32D752A2FF}</UniqueIdentifier>
      <Extensions>cpp;c;cc;cxx;c++;cppm;ixx;def;odl;idl;hpj;bat;asm;asmx</Extensions>
    </Filter>
    <Filter Include="Header Files">
      <UniqueIdentifier>{93995380-89BD-4b04-88EB-625FBE52EBFB}</UniqueIdentifier>
      <Extensions>h;hh;hpp;hxx;h++;hm;inl;inc;ipp;xsd</Extensions>
    </Filter>
    <Filter Include="Resource Files">
      <UniqueIdentifier>{67DA6AB6-F800-4c08-8B7A-83BB121AAD01}</UniqueIdentifier>
      <Extensions>rc;ico;cur;bmp;dlg;rc2;rct;bin;rgs;gif;jpg;jpeg;jpe;resx;tiff;tif;png;wav;mfcribbon-ms</Extensions>
    </Filter>
    <Filter Include="Header Files\FileHandling">
      <UniqueIdentifier>{47af2f50-9ec2-4e83-88ca-5d87f44b5edb}</UniqueIdentifier>
    </Filter>
    <Filter Include="Source Files\FileHandling">
      <UniqueIdentifier>{5a648048-5cc7-4ecd-848e-1fb1751fc0a6}</UniqueIdentifier>
    </Filter>
    <Filter Include="Source Files\XMLDocument">
      <UniqueIdentifier>{be678ae8-a925-46cf-98bf-568cee307bc7}</UniqueIdentifier>
    </Filter>
    <Filter Include="Header Files\XMLDocument">
      <UniqueIdentifier>{90545528-aab6-422d-8dd3-cdb332e2711b}</UniqueIdentifier>
    </Filter>
  </ItemGroup>
  <ItemGroup>
    <ClInclude Include="framework.h">
      <Filter>Header Files</Filter>
    </ClInclude>
    <ClInclude Include="pch.h">
      <Filter>Header Files</Filter>
    </ClInclude>
    <ClInclude Include="FileHandling\CopyFileOptions.h">
      <Filter>Header Files\FileHandling</Filter>
    </ClInclude>
    <ClInclude Include="FileHandling\CopyOptionsFileSystemHelper.h">
      <Filter>Header Files\FileHandling</Filter>
    </ClInclude>
    <ClInclude Include="FileHandling\Directory.h">
      <Filter>Header Files\FileHandling</Filter>
    </ClInclude>
    <ClInclude Include="FileHandling\File.h">
      <Filter>Header Files\FileHandling</Filter>
    </ClInclude>
    <ClInclude Include="XMLDocument\XMLDocument.h">
      <Filter>Header Files\XMLDocument</Filter>
    </ClInclude>
    <ClInclude Include="XMLDocument\XMLNode.h">
      <Filter>Header Files\XMLDocument</Filter>
    </ClInclude>
    <ClInclude Include="XMLDocument\XMLAttribute.h">
      <Filter>Header Files\XMLDocument</Filter>
    </ClInclude>
    <ClInclude Include="XMLDocument\RapidXMLDocument.h">
      <Filter>Header Files\XMLDocument</Filter>
    </ClInclude>
    <ClInclude Include="AllReferences.h">
      <Filter>Header Files</Filter>
    </ClInclude>
    <ClInclude Include="XMLDocument\RapidXML.h">
      <Filter>Header Files\XMLDocument</Filter>
    </ClInclude>
    <ClInclude Include="XMLDocument\RapidXMLNode.h">
      <Filter>Header Files</Filter>
    </ClInclude>
  </ItemGroup>
  <ItemGroup>
    <ClCompile Include="StandardOperations.cpp">
      <Filter>Source Files</Filter>
    </ClCompile>
    <ClCompile Include="pch.cpp">
      <Filter>Source Files</Filter>
    </ClCompile>
    <ClCompile Include="FileHandling\Directory.cpp">
      <Filter>Source Files\FileHandling</Filter>
    </ClCompile>
    <ClCompile Include="FileHandling\File.cpp">
      <Filter>Source Files\FileHandling</Filter>
    </ClCompile>
    <ClCompile Include="XMLDocument\XMLDocument.cpp">
      <Filter>Source Files\XMLDocument</Filter>
    </ClCompile>
    <ClCompile Include="XMLDocument\XMLNode.cpp">
      <Filter>Source Files\XMLDocument</Filter>
    </ClCompile>
    <ClCompile Include="XMLDocument\XMLAttribute.cpp">
      <Filter>Source Files\XMLDocument</Filter>
    </ClCompile>
    <ClCompile Include="XMLDocument\RapidXMLDocument.cpp">
      <Filter>Source Files\XMLDocument</Filter>
    </ClCompile>
    <ClCompile Include="XMLDocument\RapidXMLNode.cpp">
      <Filter>Source Files</Filter>
    </ClCompile>
  </ItemGroup>
  <ItemGroup>
    <None Include="packages.config" />
  </ItemGroup>
</Project>