<?xml version="1.0" encoding="utf-8"?>
<Project ToolsVersion="4.0" xmlns="http://schemas.microsoft.com/developer/msbuild/2003">
  <ItemGroup>
    <ClCompile Include="pch.cpp" />
    <ClCompile Include="Position\FPointTests.cpp">
      <Filter>Position</Filter>
    </ClCompile>
    <ClCompile Include="Position\FVectorTests.cpp">
      <Filter>Position</Filter>
    </ClCompile>
  </ItemGroup>
  <ItemGroup>
    <ClInclude Include="pch.h" />
  </ItemGroup>
  <ItemGroup>
    <None Include="packages.config" />
  </ItemGroup>
  <ItemGroup>
    <Filter Include="Position">
      <UniqueIdentifier>{884e1a2e-1ce2-4dca-b4a1-a29e9b50ee7e}</UniqueIdentifier>
    </Filter>
  </ItemGroup>
</Project>