
Microsoft Visual Studio Solution File, Format Version 12.00
# Visual Studio Version 17
VisualStudioVersion = 17.8.34525.116
MinimumVisualStudioVersion = 10.0.40219.1
Project("{8BC9CEB8-8B4A-11D0-8D11-00A0C91BC942}") = "EngineEntry", "EngineEntry\EngineEntry.vcxproj", "{21959E22-589A-43F2-BE89-86F89584B762}"
EndProject
Project("{8BC9CEB8-8B4A-11D0-8D11-00A0C91BC942}") = "SuperGameEngine", "SuperGameEngine\SuperGameEngine.vcxproj", "{2B453E94-C63C-4311-A0C4-23C6512675AA}"
EndProject
Project("{2150E333-8FDC-42A3-9474-1A3956D46DE8}") = "FatedQuest.Libraries", "FatedQuest.Libraries", "{C4D6F146-E2C8-417E-9F40-8EA459D0E1D4}"
EndProject
Project("{8BC9CEB8-8B4A-11D0-8D11-00A0C91BC942}") = "StandardCLibrary", "FatedQuest.Libraries\StandardCLibrary\StandardCLibrary.vcxproj", "{3964752B-73C2-4C0E-8BFE-3C42DBEF2E03}"
EndProject
Project("{8BC9CEB8-8B4A-11D0-8D11-00A0C91BC942}") = "Logging", "FatedQuest.Libraries\Logging\Logging.vcxproj", "{FBD9A5D9-BB38-479B-8DD7-1EBD2382A035}"
EndProject
Project("{8BC9CEB8-8B4A-11D0-8D11-00A0C91BC942}") = "SuperGameEngineTests", "SuperGameEngineTests\SuperGameEngineTests.vcxproj", "{38DF09FA-1792-4DD8-952A-ED7CEA0AEA21}"
EndProject
Project("{8BC9CEB8-8B4A-11D0-8D11-00A0C91BC942}") = "StandardCLibraryTests", "FatedQuest.Libraries\StandardCLibraryTests\StandardCLibraryTests.vcxproj", "{51315DC7-E26D-4195-917E-D7DBBA0F9605}"
EndProject
Project("{8BC9CEB8-8B4A-11D0-8D11-00A0C91BC942}") = "BinaryOperations", "FatedQuest.Libraries\BinaryOperations\BinaryOperations.vcxproj", "{1BC135F0-12F0-4DFD-90A4-8DD09AF88B7C}"
EndProject
Project("{8BC9CEB8-8B4A-11D0-8D11-00A0C91BC942}") = "BinaryOperationsTests", "FatedQuest.Libraries\BinaryOperationsTests\BinaryOperationsTests.vcxproj", "{2980D761-6DDF-4216-BB4E-21C392D17B43}"
EndProject
Project("{8BC9CEB8-8B4A-11D0-8D11-00A0C91BC942}") = "SuperGameEngineTools", "SuperGameEngineTools\SuperGameEngineTools.vcxproj", "{887BE1BB-B32D-48E4-8243-D2E5BDE61692}"
EndProject
Global
	GlobalSection(SolutionConfigurationPlatforms) = preSolution
		Debug|x64 = Debug|x64
		Debug|x86 = Debug|x86
		Release|x64 = Release|x64
		Release|x86 = Release|x86
	EndGlobalSection
	GlobalSection(ProjectConfigurationPlatforms) = postSolution
		{21959E22-589A-43F2-BE89-86F89584B762}.Debug|x64.ActiveCfg = Debug|x64
		{21959E22-589A-43F2-BE89-86F89584B762}.Debug|x64.Build.0 = Debug|x64
		{21959E22-589A-43F2-BE89-86F89584B762}.Debug|x86.ActiveCfg = Debug|Win32
		{21959E22-589A-43F2-BE89-86F89584B762}.Debug|x86.Build.0 = Debug|Win32
		{21959E22-589A-43F2-BE89-86F89584B762}.Release|x64.ActiveCfg = Release|x64
		{21959E22-589A-43F2-BE89-86F89584B762}.Release|x64.Build.0 = Release|x64
		{21959E22-589A-43F2-BE89-86F89584B762}.Release|x86.ActiveCfg = Release|Win32
		{21959E22-589A-43F2-BE89-86F89584B762}.Release|x86.Build.0 = Release|Win32
		{2B453E94-C63C-4311-A0C4-23C6512675AA}.Debug|x64.ActiveCfg = Debug|x64
		{2B453E94-C63C-4311-A0C4-23C6512675AA}.Debug|x64.Build.0 = Debug|x64
		{2B453E94-C63C-4311-A0C4-23C6512675AA}.Debug|x86.ActiveCfg = Debug|Win32
		{2B453E94-C63C-4311-A0C4-23C6512675AA}.Debug|x86.Build.0 = Debug|Win32
		{2B453E94-C63C-4311-A0C4-23C6512675AA}.Release|x64.ActiveCfg = Release|x64
		{2B453E94-C63C-4311-A0C4-23C6512675AA}.Release|x64.Build.0 = Release|x64
		{2B453E94-C63C-4311-A0C4-23C6512675AA}.Release|x86.ActiveCfg = Release|Win32
		{2B453E94-C63C-4311-A0C4-23C6512675AA}.Release|x86.Build.0 = Release|Win32
		{3964752B-73C2-4C0E-8BFE-3C42DBEF2E03}.Debug|x64.ActiveCfg = Debug|x64
		{3964752B-73C2-4C0E-8BFE-3C42DBEF2E03}.Debug|x64.Build.0 = Debug|x64
		{3964752B-73C2-4C0E-8BFE-3C42DBEF2E03}.Debug|x86.ActiveCfg = Debug|Win32
		{3964752B-73C2-4C0E-8BFE-3C42DBEF2E03}.Debug|x86.Build.0 = Debug|Win32
		{3964752B-73C2-4C0E-8BFE-3C42DBEF2E03}.Release|x64.ActiveCfg = Release|x64
		{3964752B-73C2-4C0E-8BFE-3C42DBEF2E03}.Release|x64.Build.0 = Release|x64
		{3964752B-73C2-4C0E-8BFE-3C42DBEF2E03}.Release|x86.ActiveCfg = Release|Win32
		{3964752B-73C2-4C0E-8BFE-3C42DBEF2E03}.Release|x86.Build.0 = Release|Win32
		{FBD9A5D9-BB38-479B-8DD7-1EBD2382A035}.Debug|x64.ActiveCfg = Debug|x64
		{FBD9A5D9-BB38-479B-8DD7-1EBD2382A035}.Debug|x64.Build.0 = Debug|x64
		{FBD9A5D9-BB38-479B-8DD7-1EBD2382A035}.Debug|x86.ActiveCfg = Debug|Win32
		{FBD9A5D9-BB38-479B-8DD7-1EBD2382A035}.Debug|x86.Build.0 = Debug|Win32
		{FBD9A5D9-BB38-479B-8DD7-1EBD2382A035}.Release|x64.ActiveCfg = Release|x64
		{FBD9A5D9-BB38-479B-8DD7-1EBD2382A035}.Release|x64.Build.0 = Release|x64
		{FBD9A5D9-BB38-479B-8DD7-1EBD2382A035}.Release|x86.ActiveCfg = Release|Win32
		{FBD9A5D9-BB38-479B-8DD7-1EBD2382A035}.Release|x86.Build.0 = Release|Win32
		{38DF09FA-1792-4DD8-952A-ED7CEA0AEA21}.Debug|x64.ActiveCfg = Debug|x64
		{38DF09FA-1792-4DD8-952A-ED7CEA0AEA21}.Debug|x64.Build.0 = Debug|x64
		{38DF09FA-1792-4DD8-952A-ED7CEA0AEA21}.Debug|x86.ActiveCfg = Debug|Win32
		{38DF09FA-1792-4DD8-952A-ED7CEA0AEA21}.Debug|x86.Build.0 = Debug|Win32
		{38DF09FA-1792-4DD8-952A-ED7CEA0AEA21}.Release|x64.ActiveCfg = Release|x64
		{38DF09FA-1792-4DD8-952A-ED7CEA0AEA21}.Release|x64.Build.0 = Release|x64
		{38DF09FA-1792-4DD8-952A-ED7CEA0AEA21}.Release|x86.ActiveCfg = Release|Win32
		{38DF09FA-1792-4DD8-952A-ED7CEA0AEA21}.Release|x86.Build.0 = Release|Win32
		{51315DC7-E26D-4195-917E-D7DBBA0F9605}.Debug|x64.ActiveCfg = Debug|x64
		{51315DC7-E26D-4195-917E-D7DBBA0F9605}.Debug|x64.Build.0 = Debug|x64
		{51315DC7-E26D-4195-917E-D7DBBA0F9605}.Debug|x86.ActiveCfg = Debug|Win32
		{51315DC7-E26D-4195-917E-D7DBBA0F9605}.Debug|x86.Build.0 = Debug|Win32
		{51315DC7-E26D-4195-917E-D7DBBA0F9605}.Release|x64.ActiveCfg = Release|x64
		{51315DC7-E26D-4195-917E-D7DBBA0F9605}.Release|x64.Build.0 = Release|x64
		{51315DC7-E26D-4195-917E-D7DBBA0F9605}.Release|x86.ActiveCfg = Release|Win32
		{51315DC7-E26D-4195-917E-D7DBBA0F9605}.Release|x86.Build.0 = Release|Win32
		{1BC135F0-12F0-4DFD-90A4-8DD09AF88B7C}.Debug|x64.ActiveCfg = Debug|x64
		{1BC135F0-12F0-4DFD-90A4-8DD09AF88B7C}.Debug|x64.Build.0 = Debug|x64
		{1BC135F0-12F0-4DFD-90A4-8DD09AF88B7C}.Debug|x86.ActiveCfg = Debug|Win32
		{1BC135F0-12F0-4DFD-90A4-8DD09AF88B7C}.Debug|x86.Build.0 = Debug|Win32
		{1BC135F0-12F0-4DFD-90A4-8DD09AF88B7C}.Release|x64.ActiveCfg = Release|x64
		{1BC135F0-12F0-4DFD-90A4-8DD09AF88B7C}.Release|x64.Build.0 = Release|x64
		{1BC135F0-12F0-4DFD-90A4-8DD09AF88B7C}.Release|x86.ActiveCfg = Release|Win32
		{1BC135F0-12F0-4DFD-90A4-8DD09AF88B7C}.Release|x86.Build.0 = Release|Win32
		{2980D761-6DDF-4216-BB4E-21C392D17B43}.Debug|x64.ActiveCfg = Debug|x64
		{2980D761-6DDF-4216-BB4E-21C392D17B43}.Debug|x64.Build.0 = Debug|x64
		{2980D761-6DDF-4216-BB4E-21C392D17B43}.Debug|x86.ActiveCfg = Debug|Win32
		{2980D761-6DDF-4216-BB4E-21C392D17B43}.Debug|x86.Build.0 = Debug|Win32
		{2980D761-6DDF-4216-BB4E-21C392D17B43}.Release|x64.ActiveCfg = Release|x64
		{2980D761-6DDF-4216-BB4E-21C392D17B43}.Release|x64.Build.0 = Release|x64
		{2980D761-6DDF-4216-BB4E-21C392D17B43}.Release|x86.ActiveCfg = Release|Win32
		{2980D761-6DDF-4216-BB4E-21C392D17B43}.Release|x86.Build.0 = Release|Win32
		{887BE1BB-B32D-48E4-8243-D2E5BDE61692}.Debug|x64.ActiveCfg = Debug|x64
		{887BE1BB-B32D-48E4-8243-D2E5BDE61692}.Debug|x64.Build.0 = Debug|x64
		{887BE1BB-B32D-48E4-8243-D2E5BDE61692}.Debug|x86.ActiveCfg = Debug|Win32
		{887BE1BB-B32D-48E4-8243-D2E5BDE61692}.Debug|x86.Build.0 = Debug|Win32
		{887BE1BB-B32D-48E4-8243-D2E5BDE61692}.Release|x64.ActiveCfg = Release|x64
		{887BE1BB-B32D-48E4-8243-D2E5BDE61692}.Release|x64.Build.0 = Release|x64
		{887BE1BB-B32D-48E4-8243-D2E5BDE61692}.Release|x86.ActiveCfg = Release|Win32
		{887BE1BB-B32D-48E4-8243-D2E5BDE61692}.Release|x86.Build.0 = Release|Win32
	EndGlobalSection
	GlobalSection(SolutionProperties) = preSolution
		HideSolutionNode = FALSE
	EndGlobalSection
	GlobalSection(NestedProjects) = preSolution
		{3964752B-73C2-4C0E-8BFE-3C42DBEF2E03} = {C4D6F146-E2C8-417E-9F40-8EA459D0E1D4}
		{FBD9A5D9-BB38-479B-8DD7-1EBD2382A035} = {C4D6F146-E2C8-417E-9F40-8EA459D0E1D4}
		{51315DC7-E26D-4195-917E-D7DBBA0F9605} = {C4D6F146-E2C8-417E-9F40-8EA459D0E1D4}
		{1BC135F0-12F0-4DFD-90A4-8DD09AF88B7C} = {C4D6F146-E2C8-417E-9F40-8EA459D0E1D4}
		{2980D761-6DDF-4216-BB4E-21C392D17B43} = {C4D6F146-E2C8-417E-9F40-8EA459D0E1D4}
	EndGlobalSection
	GlobalSection(ExtensibilityGlobals) = postSolution
		SolutionGuid = {FEE90C3C-7E45-4340-A20A-250D28E875BC}
	EndGlobalSection
EndGlobal
