
Microsoft Visual Studio Solution File, Format Version 12.00
# Visual Studio Version 17
VisualStudioVersion = 17.9.34714.143
MinimumVisualStudioVersion = 10.0.40219.1
Project("{8BC9CEB8-8B4A-11D0-8D11-00A0C91BC942}") = "SuperGameEngine", "SuperGameEngine\SuperGameEngine.vcxproj", "{278646A9-2C85-4D86-A464-E6241CFBE589}"
EndProject
Project("{2150E333-8FDC-42A3-9474-1A3956D46DE8}") = "FatedQuest.Libraries", "FatedQuest.Libraries", "{E1F2A6F8-6777-48F2-8648-39923C29236E}"
EndProject
Project("{8BC9CEB8-8B4A-11D0-8D11-00A0C91BC942}") = "StandardObjects", "..\FatedQuest.Libraries\StandardObjects\StandardObjects.vcxproj", "{3F3CCD80-0310-46B9-A963-285EAC938CD6}"
EndProject
Project("{8BC9CEB8-8B4A-11D0-8D11-00A0C91BC942}") = "StandardOperations", "..\FatedQuest.Libraries\StandardOperations\StandardOperations.vcxproj", "{1AE9E9BE-B55D-4C31-8A6F-7F3220E8D538}"
EndProject
Project("{8BC9CEB8-8B4A-11D0-8D11-00A0C91BC942}") = "StandardOperationsTests", "..\FatedQuest.Libraries\StandardOperationsTests\StandardOperationsTests.vcxproj", "{B19376E1-C964-431D-AD90-664B70946B8E}"
EndProject
Project("{8BC9CEB8-8B4A-11D0-8D11-00A0C91BC942}") = "StandardObjectsTests", "..\FatedQuest.Libraries\StandardObjectsTests\StandardObjectsTests.vcxproj", "{11A2A653-87DE-4F57-8C7E-82FEE3F23839}"
EndProject
Project("{8BC9CEB8-8B4A-11D0-8D11-00A0C91BC942}") = "Engine", "Engine\Engine.vcxproj", "{9CEAD38A-6675-4104-A350-345863823A3B}"
EndProject
Project("{8BC9CEB8-8B4A-11D0-8D11-00A0C91BC942}") = "EngineTests", "EngineTests\EngineTests.vcxproj", "{6512E64C-9A31-4ACC-B423-6AA4315BB318}"
EndProject
Project("{8BC9CEB8-8B4A-11D0-8D11-00A0C91BC942}") = "Tools", "Tools\Tools.vcxproj", "{E0EE8A5F-2897-4CD2-B02F-8132110C0751}"
EndProject
Project("{8BC9CEB8-8B4A-11D0-8D11-00A0C91BC942}") = "GamePackage", "..\FatedQuest.Libraries\GamePackage\GamePackage.vcxproj", "{272A3AEB-BE9F-4219-919D-701C0A4A996F}"
EndProject
Project("{8BC9CEB8-8B4A-11D0-8D11-00A0C91BC942}") = "GamePackageTests", "..\FatedQuest.Libraries\GamePackageTests\GamePackageTests.vcxproj", "{8C370877-0A4A-479E-89E2-956922C7448C}"
EndProject
Project("{8BC9CEB8-8B4A-11D0-8D11-00A0C91BC942}") = "BinaryOperations", "..\FatedQuest.Libraries\BinaryOperations\BinaryOperations.vcxproj", "{7E635CE1-1A46-4C05-B7CA-5DC1E475EC63}"
EndProject
Project("{8BC9CEB8-8B4A-11D0-8D11-00A0C91BC942}") = "XmlDocument", "..\FatedQuest.Libraries\XmlDocument\XmlDocument.vcxproj", "{04DB48A3-BCE2-4311-8FC4-ED2B39B5E3B8}"
EndProject
Project("{8BC9CEB8-8B4A-11D0-8D11-00A0C91BC942}") = "XmlDocumentTests", "..\FatedQuest.Libraries\XmlDocumentTests\XmlDocumentTests.vcxproj", "{24853D3C-D4C3-48BB-B0E8-08A6867E014A}"
EndProject
Global
	GlobalSection(SolutionConfigurationPlatforms) = preSolution
		Debug|x64 = Debug|x64
		Debug|x86 = Debug|x86
		Release|x64 = Release|x64
		Release|x86 = Release|x86
		Tools_Debug|x64 = Tools_Debug|x64
		Tools_Debug|x86 = Tools_Debug|x86
	EndGlobalSection
	GlobalSection(ProjectConfigurationPlatforms) = postSolution
		{278646A9-2C85-4D86-A464-E6241CFBE589}.Debug|x64.ActiveCfg = Debug|x64
		{278646A9-2C85-4D86-A464-E6241CFBE589}.Debug|x64.Build.0 = Debug|x64
		{278646A9-2C85-4D86-A464-E6241CFBE589}.Debug|x86.ActiveCfg = Debug|Win32
		{278646A9-2C85-4D86-A464-E6241CFBE589}.Debug|x86.Build.0 = Debug|Win32
		{278646A9-2C85-4D86-A464-E6241CFBE589}.Release|x64.ActiveCfg = Release|x64
		{278646A9-2C85-4D86-A464-E6241CFBE589}.Release|x64.Build.0 = Release|x64
		{278646A9-2C85-4D86-A464-E6241CFBE589}.Release|x86.ActiveCfg = Release|Win32
		{278646A9-2C85-4D86-A464-E6241CFBE589}.Release|x86.Build.0 = Release|Win32
		{278646A9-2C85-4D86-A464-E6241CFBE589}.Tools_Debug|x64.ActiveCfg = Tools_Debug|x64
		{278646A9-2C85-4D86-A464-E6241CFBE589}.Tools_Debug|x64.Build.0 = Tools_Debug|x64
		{278646A9-2C85-4D86-A464-E6241CFBE589}.Tools_Debug|x86.ActiveCfg = Tools_Debug|Win32
		{278646A9-2C85-4D86-A464-E6241CFBE589}.Tools_Debug|x86.Build.0 = Tools_Debug|Win32
		{3F3CCD80-0310-46B9-A963-285EAC938CD6}.Debug|x64.ActiveCfg = Debug|x64
		{3F3CCD80-0310-46B9-A963-285EAC938CD6}.Debug|x64.Build.0 = Debug|x64
		{3F3CCD80-0310-46B9-A963-285EAC938CD6}.Debug|x86.ActiveCfg = Debug|Win32
		{3F3CCD80-0310-46B9-A963-285EAC938CD6}.Debug|x86.Build.0 = Debug|Win32
		{3F3CCD80-0310-46B9-A963-285EAC938CD6}.Release|x64.ActiveCfg = Release|x64
		{3F3CCD80-0310-46B9-A963-285EAC938CD6}.Release|x64.Build.0 = Release|x64
		{3F3CCD80-0310-46B9-A963-285EAC938CD6}.Release|x86.ActiveCfg = Release|Win32
		{3F3CCD80-0310-46B9-A963-285EAC938CD6}.Release|x86.Build.0 = Release|Win32
		{3F3CCD80-0310-46B9-A963-285EAC938CD6}.Tools_Debug|x64.ActiveCfg = Tools_Debug|x64
		{3F3CCD80-0310-46B9-A963-285EAC938CD6}.Tools_Debug|x64.Build.0 = Tools_Debug|x64
		{3F3CCD80-0310-46B9-A963-285EAC938CD6}.Tools_Debug|x86.ActiveCfg = Tools_Debug|Win32
		{3F3CCD80-0310-46B9-A963-285EAC938CD6}.Tools_Debug|x86.Build.0 = Tools_Debug|Win32
		{1AE9E9BE-B55D-4C31-8A6F-7F3220E8D538}.Debug|x64.ActiveCfg = Debug|x64
		{1AE9E9BE-B55D-4C31-8A6F-7F3220E8D538}.Debug|x64.Build.0 = Debug|x64
		{1AE9E9BE-B55D-4C31-8A6F-7F3220E8D538}.Debug|x86.ActiveCfg = Debug|Win32
		{1AE9E9BE-B55D-4C31-8A6F-7F3220E8D538}.Debug|x86.Build.0 = Debug|Win32
		{1AE9E9BE-B55D-4C31-8A6F-7F3220E8D538}.Release|x64.ActiveCfg = Release|x64
		{1AE9E9BE-B55D-4C31-8A6F-7F3220E8D538}.Release|x64.Build.0 = Release|x64
		{1AE9E9BE-B55D-4C31-8A6F-7F3220E8D538}.Release|x86.ActiveCfg = Release|Win32
		{1AE9E9BE-B55D-4C31-8A6F-7F3220E8D538}.Release|x86.Build.0 = Release|Win32
		{1AE9E9BE-B55D-4C31-8A6F-7F3220E8D538}.Tools_Debug|x64.ActiveCfg = Tools_Debug|x64
		{1AE9E9BE-B55D-4C31-8A6F-7F3220E8D538}.Tools_Debug|x64.Build.0 = Tools_Debug|x64
		{1AE9E9BE-B55D-4C31-8A6F-7F3220E8D538}.Tools_Debug|x86.ActiveCfg = Tools_Debug|Win32
		{1AE9E9BE-B55D-4C31-8A6F-7F3220E8D538}.Tools_Debug|x86.Build.0 = Tools_Debug|Win32
		{B19376E1-C964-431D-AD90-664B70946B8E}.Debug|x64.ActiveCfg = Debug|x64
		{B19376E1-C964-431D-AD90-664B70946B8E}.Debug|x64.Build.0 = Debug|x64
		{B19376E1-C964-431D-AD90-664B70946B8E}.Debug|x86.ActiveCfg = Debug|Win32
		{B19376E1-C964-431D-AD90-664B70946B8E}.Debug|x86.Build.0 = Debug|Win32
		{B19376E1-C964-431D-AD90-664B70946B8E}.Release|x64.ActiveCfg = Release|x64
		{B19376E1-C964-431D-AD90-664B70946B8E}.Release|x86.ActiveCfg = Release|Win32
		{B19376E1-C964-431D-AD90-664B70946B8E}.Release|x86.Build.0 = Release|Win32
		{B19376E1-C964-431D-AD90-664B70946B8E}.Tools_Debug|x64.ActiveCfg = Tools_Debug|x64
		{B19376E1-C964-431D-AD90-664B70946B8E}.Tools_Debug|x86.ActiveCfg = Tools_Debug|Win32
		{B19376E1-C964-431D-AD90-664B70946B8E}.Tools_Debug|x86.Build.0 = Tools_Debug|Win32
		{11A2A653-87DE-4F57-8C7E-82FEE3F23839}.Debug|x64.ActiveCfg = Debug|x64
		{11A2A653-87DE-4F57-8C7E-82FEE3F23839}.Debug|x64.Build.0 = Debug|x64
		{11A2A653-87DE-4F57-8C7E-82FEE3F23839}.Debug|x86.ActiveCfg = Debug|Win32
		{11A2A653-87DE-4F57-8C7E-82FEE3F23839}.Debug|x86.Build.0 = Debug|Win32
		{11A2A653-87DE-4F57-8C7E-82FEE3F23839}.Release|x64.ActiveCfg = Release|x64
		{11A2A653-87DE-4F57-8C7E-82FEE3F23839}.Release|x86.ActiveCfg = Release|Win32
		{11A2A653-87DE-4F57-8C7E-82FEE3F23839}.Release|x86.Build.0 = Release|Win32
		{11A2A653-87DE-4F57-8C7E-82FEE3F23839}.Tools_Debug|x64.ActiveCfg = Tools_Debug|x64
		{11A2A653-87DE-4F57-8C7E-82FEE3F23839}.Tools_Debug|x86.ActiveCfg = Tools_Debug|Win32
		{11A2A653-87DE-4F57-8C7E-82FEE3F23839}.Tools_Debug|x86.Build.0 = Tools_Debug|Win32
		{9CEAD38A-6675-4104-A350-345863823A3B}.Debug|x64.ActiveCfg = Debug|x64
		{9CEAD38A-6675-4104-A350-345863823A3B}.Debug|x64.Build.0 = Debug|x64
		{9CEAD38A-6675-4104-A350-345863823A3B}.Debug|x86.ActiveCfg = Debug|Win32
		{9CEAD38A-6675-4104-A350-345863823A3B}.Debug|x86.Build.0 = Debug|Win32
		{9CEAD38A-6675-4104-A350-345863823A3B}.Release|x64.ActiveCfg = Release|x64
		{9CEAD38A-6675-4104-A350-345863823A3B}.Release|x64.Build.0 = Release|x64
		{9CEAD38A-6675-4104-A350-345863823A3B}.Release|x86.ActiveCfg = Release|Win32
		{9CEAD38A-6675-4104-A350-345863823A3B}.Release|x86.Build.0 = Release|Win32
		{9CEAD38A-6675-4104-A350-345863823A3B}.Tools_Debug|x64.ActiveCfg = Tools_Debug|x64
		{9CEAD38A-6675-4104-A350-345863823A3B}.Tools_Debug|x64.Build.0 = Tools_Debug|x64
		{9CEAD38A-6675-4104-A350-345863823A3B}.Tools_Debug|x86.ActiveCfg = Tools_Debug|Win32
		{9CEAD38A-6675-4104-A350-345863823A3B}.Tools_Debug|x86.Build.0 = Tools_Debug|Win32
		{6512E64C-9A31-4ACC-B423-6AA4315BB318}.Debug|x64.ActiveCfg = Debug|x64
		{6512E64C-9A31-4ACC-B423-6AA4315BB318}.Debug|x64.Build.0 = Debug|x64
		{6512E64C-9A31-4ACC-B423-6AA4315BB318}.Debug|x86.ActiveCfg = Debug|Win32
		{6512E64C-9A31-4ACC-B423-6AA4315BB318}.Debug|x86.Build.0 = Debug|Win32
		{6512E64C-9A31-4ACC-B423-6AA4315BB318}.Release|x64.ActiveCfg = Release|x64
		{6512E64C-9A31-4ACC-B423-6AA4315BB318}.Release|x86.ActiveCfg = Release|Win32
		{6512E64C-9A31-4ACC-B423-6AA4315BB318}.Release|x86.Build.0 = Release|Win32
		{6512E64C-9A31-4ACC-B423-6AA4315BB318}.Tools_Debug|x64.ActiveCfg = Tools_Debug|x64
		{6512E64C-9A31-4ACC-B423-6AA4315BB318}.Tools_Debug|x86.ActiveCfg = Tools_Debug|Win32
		{6512E64C-9A31-4ACC-B423-6AA4315BB318}.Tools_Debug|x86.Build.0 = Tools_Debug|Win32
		{E0EE8A5F-2897-4CD2-B02F-8132110C0751}.Debug|x64.ActiveCfg = Release|x64
		{E0EE8A5F-2897-4CD2-B02F-8132110C0751}.Debug|x86.ActiveCfg = Debug|Win32
		{E0EE8A5F-2897-4CD2-B02F-8132110C0751}.Debug|x86.Build.0 = Debug|Win32
		{E0EE8A5F-2897-4CD2-B02F-8132110C0751}.Release|x64.ActiveCfg = Release|x64
		{E0EE8A5F-2897-4CD2-B02F-8132110C0751}.Release|x64.Build.0 = Release|x64
		{E0EE8A5F-2897-4CD2-B02F-8132110C0751}.Release|x86.ActiveCfg = Release|Win32
		{E0EE8A5F-2897-4CD2-B02F-8132110C0751}.Release|x86.Build.0 = Release|Win32
		{E0EE8A5F-2897-4CD2-B02F-8132110C0751}.Tools_Debug|x64.ActiveCfg = Tools_Debug|x64
		{E0EE8A5F-2897-4CD2-B02F-8132110C0751}.Tools_Debug|x64.Build.0 = Tools_Debug|x64
		{E0EE8A5F-2897-4CD2-B02F-8132110C0751}.Tools_Debug|x86.ActiveCfg = Tools_Debug|Win32
		{E0EE8A5F-2897-4CD2-B02F-8132110C0751}.Tools_Debug|x86.Build.0 = Tools_Debug|Win32
		{272A3AEB-BE9F-4219-919D-701C0A4A996F}.Debug|x64.ActiveCfg = Debug|x64
		{272A3AEB-BE9F-4219-919D-701C0A4A996F}.Debug|x64.Build.0 = Debug|x64
		{272A3AEB-BE9F-4219-919D-701C0A4A996F}.Debug|x86.ActiveCfg = Debug|Win32
		{272A3AEB-BE9F-4219-919D-701C0A4A996F}.Debug|x86.Build.0 = Debug|Win32
		{272A3AEB-BE9F-4219-919D-701C0A4A996F}.Release|x64.ActiveCfg = Release|x64
		{272A3AEB-BE9F-4219-919D-701C0A4A996F}.Release|x64.Build.0 = Release|x64
		{272A3AEB-BE9F-4219-919D-701C0A4A996F}.Release|x86.ActiveCfg = Release|Win32
		{272A3AEB-BE9F-4219-919D-701C0A4A996F}.Release|x86.Build.0 = Release|Win32
		{272A3AEB-BE9F-4219-919D-701C0A4A996F}.Tools_Debug|x64.ActiveCfg = Tools_Debug|x64
		{272A3AEB-BE9F-4219-919D-701C0A4A996F}.Tools_Debug|x64.Build.0 = Tools_Debug|x64
		{272A3AEB-BE9F-4219-919D-701C0A4A996F}.Tools_Debug|x86.ActiveCfg = Tools_Debug|Win32
		{272A3AEB-BE9F-4219-919D-701C0A4A996F}.Tools_Debug|x86.Build.0 = Tools_Debug|Win32
		{8C370877-0A4A-479E-89E2-956922C7448C}.Debug|x64.ActiveCfg = Debug|x64
		{8C370877-0A4A-479E-89E2-956922C7448C}.Debug|x64.Build.0 = Debug|x64
		{8C370877-0A4A-479E-89E2-956922C7448C}.Debug|x86.ActiveCfg = Debug|Win32
		{8C370877-0A4A-479E-89E2-956922C7448C}.Debug|x86.Build.0 = Debug|Win32
		{8C370877-0A4A-479E-89E2-956922C7448C}.Release|x64.ActiveCfg = Release|x64
		{8C370877-0A4A-479E-89E2-956922C7448C}.Release|x86.ActiveCfg = Release|Win32
		{8C370877-0A4A-479E-89E2-956922C7448C}.Release|x86.Build.0 = Release|Win32
		{8C370877-0A4A-479E-89E2-956922C7448C}.Tools_Debug|x64.ActiveCfg = Tools_Debug|x64
		{8C370877-0A4A-479E-89E2-956922C7448C}.Tools_Debug|x86.ActiveCfg = Tools_Debug|Win32
		{8C370877-0A4A-479E-89E2-956922C7448C}.Tools_Debug|x86.Build.0 = Tools_Debug|Win32
		{7E635CE1-1A46-4C05-B7CA-5DC1E475EC63}.Debug|x64.ActiveCfg = Release|x64
		{7E635CE1-1A46-4C05-B7CA-5DC1E475EC63}.Debug|x64.Build.0 = Release|x64
		{7E635CE1-1A46-4C05-B7CA-5DC1E475EC63}.Debug|x86.ActiveCfg = Debug|Win32
		{7E635CE1-1A46-4C05-B7CA-5DC1E475EC63}.Debug|x86.Build.0 = Debug|Win32
		{7E635CE1-1A46-4C05-B7CA-5DC1E475EC63}.Release|x64.ActiveCfg = Release|x64
		{7E635CE1-1A46-4C05-B7CA-5DC1E475EC63}.Release|x64.Build.0 = Release|x64
		{7E635CE1-1A46-4C05-B7CA-5DC1E475EC63}.Release|x86.ActiveCfg = Release|Win32
		{7E635CE1-1A46-4C05-B7CA-5DC1E475EC63}.Release|x86.Build.0 = Release|Win32
		{7E635CE1-1A46-4C05-B7CA-5DC1E475EC63}.Tools_Debug|x64.ActiveCfg = Tools_Debug|x64
		{7E635CE1-1A46-4C05-B7CA-5DC1E475EC63}.Tools_Debug|x64.Build.0 = Tools_Debug|x64
		{7E635CE1-1A46-4C05-B7CA-5DC1E475EC63}.Tools_Debug|x86.ActiveCfg = Tools_Debug|Win32
		{7E635CE1-1A46-4C05-B7CA-5DC1E475EC63}.Tools_Debug|x86.Build.0 = Tools_Debug|Win32
		{04DB48A3-BCE2-4311-8FC4-ED2B39B5E3B8}.Debug|x64.ActiveCfg = Debug|x64
		{04DB48A3-BCE2-4311-8FC4-ED2B39B5E3B8}.Debug|x64.Build.0 = Debug|x64
		{04DB48A3-BCE2-4311-8FC4-ED2B39B5E3B8}.Debug|x86.ActiveCfg = Debug|Win32
		{04DB48A3-BCE2-4311-8FC4-ED2B39B5E3B8}.Debug|x86.Build.0 = Debug|Win32
		{04DB48A3-BCE2-4311-8FC4-ED2B39B5E3B8}.Release|x64.ActiveCfg = Release|x64
		{04DB48A3-BCE2-4311-8FC4-ED2B39B5E3B8}.Release|x64.Build.0 = Release|x64
		{04DB48A3-BCE2-4311-8FC4-ED2B39B5E3B8}.Release|x86.ActiveCfg = Release|Win32
		{04DB48A3-BCE2-4311-8FC4-ED2B39B5E3B8}.Release|x86.Build.0 = Release|Win32
		{04DB48A3-BCE2-4311-8FC4-ED2B39B5E3B8}.Tools_Debug|x64.ActiveCfg = Tools_Debug|x64
		{04DB48A3-BCE2-4311-8FC4-ED2B39B5E3B8}.Tools_Debug|x64.Build.0 = Tools_Debug|x64
		{04DB48A3-BCE2-4311-8FC4-ED2B39B5E3B8}.Tools_Debug|x86.ActiveCfg = Tools_Debug|Win32
		{04DB48A3-BCE2-4311-8FC4-ED2B39B5E3B8}.Tools_Debug|x86.Build.0 = Tools_Debug|Win32
		{24853D3C-D4C3-48BB-B0E8-08A6867E014A}.Debug|x64.ActiveCfg = Debug|x64
		{24853D3C-D4C3-48BB-B0E8-08A6867E014A}.Debug|x64.Build.0 = Debug|x64
		{24853D3C-D4C3-48BB-B0E8-08A6867E014A}.Debug|x86.ActiveCfg = Debug|Win32
		{24853D3C-D4C3-48BB-B0E8-08A6867E014A}.Debug|x86.Build.0 = Debug|Win32
		{24853D3C-D4C3-48BB-B0E8-08A6867E014A}.Release|x64.ActiveCfg = Release|x64
		{24853D3C-D4C3-48BB-B0E8-08A6867E014A}.Release|x86.ActiveCfg = Release|Win32
		{24853D3C-D4C3-48BB-B0E8-08A6867E014A}.Release|x86.Build.0 = Release|Win32
		{24853D3C-D4C3-48BB-B0E8-08A6867E014A}.Tools_Debug|x64.ActiveCfg = Tools_Debug|x64
		{24853D3C-D4C3-48BB-B0E8-08A6867E014A}.Tools_Debug|x86.ActiveCfg = Tools_Debug|Win32
		{24853D3C-D4C3-48BB-B0E8-08A6867E014A}.Tools_Debug|x86.Build.0 = Tools_Debug|Win32
	EndGlobalSection
	GlobalSection(SolutionProperties) = preSolution
		HideSolutionNode = FALSE
	EndGlobalSection
	GlobalSection(NestedProjects) = preSolution
		{3F3CCD80-0310-46B9-A963-285EAC938CD6} = {E1F2A6F8-6777-48F2-8648-39923C29236E}
		{1AE9E9BE-B55D-4C31-8A6F-7F3220E8D538} = {E1F2A6F8-6777-48F2-8648-39923C29236E}
		{B19376E1-C964-431D-AD90-664B70946B8E} = {E1F2A6F8-6777-48F2-8648-39923C29236E}
		{11A2A653-87DE-4F57-8C7E-82FEE3F23839} = {E1F2A6F8-6777-48F2-8648-39923C29236E}
		{272A3AEB-BE9F-4219-919D-701C0A4A996F} = {E1F2A6F8-6777-48F2-8648-39923C29236E}
		{8C370877-0A4A-479E-89E2-956922C7448C} = {E1F2A6F8-6777-48F2-8648-39923C29236E}
		{7E635CE1-1A46-4C05-B7CA-5DC1E475EC63} = {E1F2A6F8-6777-48F2-8648-39923C29236E}
		{04DB48A3-BCE2-4311-8FC4-ED2B39B5E3B8} = {E1F2A6F8-6777-48F2-8648-39923C29236E}
		{24853D3C-D4C3-48BB-B0E8-08A6867E014A} = {E1F2A6F8-6777-48F2-8648-39923C29236E}
	EndGlobalSection
	GlobalSection(ExtensibilityGlobals) = postSolution
		SolutionGuid = {B8C60E3A-E468-42D3-8D01-76CB2F870B79}
	EndGlobalSection
EndGlobal
