<?xml version="1.0" encoding="utf-8"?>
<Project ToolsVersion="4.0" xmlns="http://schemas.microsoft.com/developer/msbuild/2003">
  <ItemGroup>
    <ClCompile Include="pch.cpp" />
    <ClCompile Include="Text\StringAdvancedReplaceTests.cpp">
      <Filter>Text</Filter>
    </ClCompile>
    <ClCompile Include="FileHandling\FileTests.cpp">
      <Filter>FileHandling</Filter>
    </ClCompile>
  </ItemGroup>
  <ItemGroup>
    <ClInclude Include="pch.h" />
  </ItemGroup>
  <ItemGroup>
    <Filter Include="Text">
      <UniqueIdentifier>{55c7d3b8-e6b1-4605-889c-23c56b1e6423}</UniqueIdentifier>
    </Filter>
    <Filter Include="FileHandling">
      <UniqueIdentifier>{6646ff53-0aca-431b-b77f-ecc0d36eef50}</UniqueIdentifier>
    </Filter>
  </ItemGroup>
  <ItemGroup>
    <None Include="packages.config" />
  </ItemGroup>
</Project>