<?xml version="1.0" encoding="utf-8"?>
<Project ToolsVersion="4.0" xmlns="http://schemas.microsoft.com/developer/msbuild/2003">
  <ItemGroup>
    <Filter Include="Resource Files">
      <UniqueIdentifier>{67DA6AB6-F800-4c08-8B7A-83BB121AAD01}</UniqueIdentifier>
      <Extensions>rc;ico;cur;bmp;dlg;rc2;rct;bin;rgs;gif;jpg;jpeg;jpe;resx;tiff;tif;png;wav;mfcribbon-ms</Extensions>
    </Filter>
    <Filter Include="Project Files">
      <UniqueIdentifier>{dc599428-5b6b-4c10-88bb-c97708c8a00f}</UniqueIdentifier>
    </Filter>
    <Filter Include="Project Files\BinaryFile">
      <UniqueIdentifier>{1d390e08-a6da-4f51-a8c6-56bb33c9f64c}</UniqueIdentifier>
    </Filter>
    <Filter Include="Project Files\BinaryFile\API">
      <UniqueIdentifier>{5d6e64f2-04fe-41c9-a38e-ba36f52cf332}</UniqueIdentifier>
    </Filter>
  </ItemGroup>
  <ItemGroup>
    <ClInclude Include="BinaryFile\BinaryFile.h">
      <Filter>Project Files\BinaryFile\API</Filter>
    </ClInclude>
    <ClInclude Include="BinaryFile\StandardBinaryFile.h">
      <Filter>Project Files\BinaryFile\API</Filter>
    </ClInclude>
    <ClInclude Include="BinaryFile\BinaryString.h">
      <Filter>Project Files\BinaryFile\API</Filter>
    </ClInclude>
  </ItemGroup>
  <ItemGroup>
    <ClCompile Include="BinaryFile\StandardBinaryFile.cpp">
      <Filter>Project Files\BinaryFile</Filter>
    </ClCompile>
    <ClCompile Include="BinaryFile\BinaryString.cpp">
      <Filter>Project Files\BinaryFile</Filter>
    </ClCompile>
  </ItemGroup>
</Project>