<?xml version="1.0" encoding="utf-8"?>
<Project ToolsVersion="4.0" xmlns="http://schemas.microsoft.com/developer/msbuild/2003">
  <ItemGroup>
    <Filter Include="Resource Files">
      <UniqueIdentifier>{67DA6AB6-F800-4c08-8B7A-83BB121AAD01}</UniqueIdentifier>
      <Extensions>rc;ico;cur;bmp;dlg;rc2;rct;bin;rgs;gif;jpg;jpeg;jpe;resx;tiff;tif;png;wav;mfcribbon-ms</Extensions>
    </Filter>
    <Filter Include="Project Files">
      <UniqueIdentifier>{a8429d07-411b-4d31-845a-656c98474a87}</UniqueIdentifier>
    </Filter>
    <Filter Include="Project Files\API">
      <UniqueIdentifier>{3fc4d212-1727-4e10-b141-e5e047e538c0}</UniqueIdentifier>
    </Filter>
  </ItemGroup>
  <ItemGroup>
    <ClInclude Include="FString.h">
      <Filter>Project Files\API</Filter>
    </ClInclude>
  </ItemGroup>
  <ItemGroup>
    <ClCompile Include="FString.cpp">
      <Filter>Project Files</Filter>
    </ClCompile>
  </ItemGroup>
</Project>