<?xml version="1.0" encoding="utf-8"?>
<Project ToolsVersion="4.0" xmlns="http://schemas.microsoft.com/developer/msbuild/2003">
  <ItemGroup>
    <Filter Include="Resource Files">
      <UniqueIdentifier>{67DA6AB6-F800-4c08-8B7A-83BB121AAD01}</UniqueIdentifier>
      <Extensions>rc;ico;cur;bmp;dlg;rc2;rct;bin;rgs;gif;jpg;jpeg;jpe;resx;tiff;tif;png;wav;mfcribbon-ms</Extensions>
    </Filter>
    <Filter Include="Project Files">
      <UniqueIdentifier>{a8429d07-411b-4d31-845a-656c98474a87}</UniqueIdentifier>
    </Filter>
    <Filter Include="Project Files\Text">
      <UniqueIdentifier>{b97d5711-4037-4fc0-9f00-bcc804d03247}</UniqueIdentifier>
    </Filter>
    <Filter Include="Project Files\Text\API">
      <UniqueIdentifier>{3fc4d212-1727-4e10-b141-e5e047e538c0}</UniqueIdentifier>
    </Filter>
    <Filter Include="Project Files\File">
      <UniqueIdentifier>{ffa6d126-2a97-41e5-9496-4c59718b5004}</UniqueIdentifier>
    </Filter>
    <Filter Include="Project Files\File\API">
      <UniqueIdentifier>{d8f1f09c-0ec3-4163-a6fb-76cbd24a3426}</UniqueIdentifier>
    </Filter>
  </ItemGroup>
  <ItemGroup>
    <ClInclude Include="Text/FString.h">
      <Filter>Project Files\Text\API</Filter>
    </ClInclude>
    <ClInclude Include="File\File.h">
      <Filter>Project Files\File\API</Filter>
    </ClInclude>
  </ItemGroup>
  <ItemGroup>
    <ClCompile Include="Text/FString.cpp">
      <Filter>Project Files\Text</Filter>
    </ClCompile>
    <ClCompile Include="File\File.cpp">
      <Filter>Project Files\File</Filter>
    </ClCompile>
  </ItemGroup>
</Project>