<?xml version="1.0" encoding="utf-8"?>
<Project ToolsVersion="4.0" xmlns="http://schemas.microsoft.com/developer/msbuild/2003">
  <ItemGroup>
    <Filter Include="Source Files">
      <UniqueIdentifier>{4FC737F1-C7A5-4376-A066-2A32D752A2FF}</UniqueIdentifier>
      <Extensions>cpp;c;cc;cxx;c++;cppm;ixx;def;odl;idl;hpj;bat;asm;asmx</Extensions>
    </Filter>
    <Filter Include="Header Files">
      <UniqueIdentifier>{93995380-89BD-4b04-88EB-625FBE52EBFB}</UniqueIdentifier>
      <Extensions>h;hh;hpp;hxx;h++;hm;inl;inc;ipp;xsd</Extensions>
    </Filter>
    <Filter Include="Resource Files">
      <UniqueIdentifier>{67DA6AB6-F800-4c08-8B7A-83BB121AAD01}</UniqueIdentifier>
      <Extensions>rc;ico;cur;bmp;dlg;rc2;rct;bin;rgs;gif;jpg;jpeg;jpe;resx;tiff;tif;png;wav;mfcribbon-ms</Extensions>
    </Filter>
    <Filter Include="Header Files\EngineInclude">
      <UniqueIdentifier>{6a1568e0-0760-43e6-a9a4-891184a7e58b}</UniqueIdentifier>
    </Filter>
    <Filter Include="Source Files\EngineInclude">
      <UniqueIdentifier>{5129c733-f37d-4cd7-8c11-f9ae9f7b564a}</UniqueIdentifier>
    </Filter>
    <Filter Include="Header Files\TestComponent">
      <UniqueIdentifier>{765f5d3f-71e0-4444-ba3f-834e6bb0a1a6}</UniqueIdentifier>
    </Filter>
    <Filter Include="Source Files\TestComponent">
      <UniqueIdentifier>{e204cff9-5852-4870-a71d-4cc0d55378ee}</UniqueIdentifier>
    </Filter>
  </ItemGroup>
  <ItemGroup>
    <ClInclude Include="framework.h">
      <Filter>Header Files</Filter>
    </ClInclude>
    <ClInclude Include="pch.h">
      <Filter>Header Files</Filter>
    </ClInclude>
    <ClInclude Include="EngineIncludes\EngineInclude.h">
      <Filter>Header Files\EngineInclude</Filter>
    </ClInclude>
    <ClInclude Include="TestComponent\ToolsComponent.h">
      <Filter>Header Files\TestComponent</Filter>
    </ClInclude>
  </ItemGroup>
  <ItemGroup>
    <ClCompile Include="Tools.cpp">
      <Filter>Source Files</Filter>
    </ClCompile>
    <ClCompile Include="pch.cpp">
      <Filter>Source Files</Filter>
    </ClCompile>
    <ClCompile Include="EngineIncludes\EngineInclude.cpp">
      <Filter>Source Files\EngineInclude</Filter>
    </ClCompile>
    <ClCompile Include="TestComponent\ToolsComponent.cpp">
      <Filter>Source Files\TestComponent</Filter>
    </ClCompile>
  </ItemGroup>
  <ItemGroup>
    <None Include="packages.config" />
  </ItemGroup>
</Project>