<?xml version="1.0" encoding="utf-8"?>
<Project ToolsVersion="4.0" xmlns="http://schemas.microsoft.com/developer/msbuild/2003">
  <ItemGroup>
    <Filter Include="Source Files">
      <UniqueIdentifier>{4FC737F1-C7A5-4376-A066-2A32D752A2FF}</UniqueIdentifier>
      <Extensions>cpp;c;cc;cxx;c++;cppm;ixx;def;odl;idl;hpj;bat;asm;asmx</Extensions>
    </Filter>
    <Filter Include="Header Files">
      <UniqueIdentifier>{93995380-89BD-4b04-88EB-625FBE52EBFB}</UniqueIdentifier>
      <Extensions>h;hh;hpp;hxx;h++;hm;inl;inc;ipp;xsd</Extensions>
    </Filter>
    <Filter Include="Resource Files">
      <UniqueIdentifier>{67DA6AB6-F800-4c08-8B7A-83BB121AAD01}</UniqueIdentifier>
      <Extensions>rc;ico;cur;bmp;dlg;rc2;rct;bin;rgs;gif;jpg;jpeg;jpe;resx;tiff;tif;png;wav;mfcribbon-ms</Extensions>
    </Filter>
    <Filter Include="Header Files\EngineInclude">
      <UniqueIdentifier>{6a1568e0-0760-43e6-a9a4-891184a7e58b}</UniqueIdentifier>
    </Filter>
    <Filter Include="Source Files\EngineInclude">
      <UniqueIdentifier>{5129c733-f37d-4cd7-8c11-f9ae9f7b564a}</UniqueIdentifier>
    </Filter>
    <Filter Include="Header Files\TestComponent">
      <UniqueIdentifier>{765f5d3f-71e0-4444-ba3f-834e6bb0a1a6}</UniqueIdentifier>
    </Filter>
    <Filter Include="Source Files\TestComponent">
      <UniqueIdentifier>{e204cff9-5852-4870-a71d-4cc0d55378ee}</UniqueIdentifier>
    </Filter>
    <Filter Include="Source Files\ToolsEngine">
      <UniqueIdentifier>{6da5ab24-cdf3-4105-bdd5-25af56fab00c}</UniqueIdentifier>
    </Filter>
    <Filter Include="Header Files\ToolsEngine">
      <UniqueIdentifier>{7b5e824b-76d8-488d-957e-0cd368528b59}</UniqueIdentifier>
    </Filter>
    <Filter Include="Source Files\Windows">
      <UniqueIdentifier>{91a5f021-6015-4ebb-9c07-887483044418}</UniqueIdentifier>
    </Filter>
    <Filter Include="Source Files\Windows\GameViewport">
      <UniqueIdentifier>{713e30fb-d1ac-4398-ac91-85a98be12fd0}</UniqueIdentifier>
    </Filter>
    <Filter Include="Source Files\Windows\UpdatableObject">
      <UniqueIdentifier>{da26c74b-437a-4f12-af47-38a207268bbf}</UniqueIdentifier>
    </Filter>
    <Filter Include="Header Files\Windows">
      <UniqueIdentifier>{65fb79ba-bd74-41bc-9e75-c252842b352a}</UniqueIdentifier>
    </Filter>
    <Filter Include="Header Files\Windows\GameViewport">
      <UniqueIdentifier>{117a4abf-e1ea-4308-b07e-bee5faeaec1a}</UniqueIdentifier>
    </Filter>
    <Filter Include="Header Files\Windows\UpdateableObject">
      <UniqueIdentifier>{65626704-1139-4e13-aee6-2159c1e56c32}</UniqueIdentifier>
    </Filter>
    <Filter Include="Header Files\ToolsEngine\Packages">
      <UniqueIdentifier>{6eeccfdf-6e51-43a3-8d02-80d69e5b7a81}</UniqueIdentifier>
    </Filter>
    <Filter Include="Source Files\ToolsEngine\Packages">
      <UniqueIdentifier>{c54aa7f7-3702-4b11-a625-8d1a44128d54}</UniqueIdentifier>
    </Filter>
    <Filter Include="Header Files\Windows\LoggerOutput">
      <UniqueIdentifier>{a662c1cf-e6a5-42c9-9225-a6066e443360}</UniqueIdentifier>
    </Filter>
    <Filter Include="Source Files\Windows\LoggerOutput">
      <UniqueIdentifier>{753803c4-6eb0-41c0-b137-e2fd2c09d941}</UniqueIdentifier>
    </Filter>
    <Filter Include="Header Files\Engine">
      <UniqueIdentifier>{66225305-e1a4-4554-8aeb-f3302734cd1f}</UniqueIdentifier>
    </Filter>
    <Filter Include="Header Files\Engine\Graphics">
      <UniqueIdentifier>{4e2d1ea9-27ba-4a3d-9d30-03c59b689018}</UniqueIdentifier>
    </Filter>
    <Filter Include="Header Files\Engine\Content">
      <UniqueIdentifier>{6471e9e8-a42b-4120-8d84-4f9e658070f4}</UniqueIdentifier>
    </Filter>
    <Filter Include="Source Files\Engine">
      <UniqueIdentifier>{a7c7ce39-e675-471a-8a2e-b6a7a44d2d10}</UniqueIdentifier>
    </Filter>
    <Filter Include="Source Files\Engine\Graphics">
      <UniqueIdentifier>{eee3adee-5911-4168-aa94-fceaf4189202}</UniqueIdentifier>
    </Filter>
    <Filter Include="Source Files\Engine\Content">
      <UniqueIdentifier>{43bb57c9-f417-403c-9d57-6ade16443090}</UniqueIdentifier>
    </Filter>
    <Filter Include="Header Files\ToolsEngine\Communication">
      <UniqueIdentifier>{93be3adf-f1af-4842-8998-7b9667ce8251}</UniqueIdentifier>
    </Filter>
    <Filter Include="Source Files\ToolsEngine\Communication">
      <UniqueIdentifier>{b7f0c2c3-6eb4-4cad-81da-31053159ed5c}</UniqueIdentifier>
    </Filter>
    <Filter Include="Header Files\Windows\MainMenuBar">
      <UniqueIdentifier>{3755084a-460f-4c2d-bdac-240c231490c4}</UniqueIdentifier>
    </Filter>
    <Filter Include="Source Files\Windows\MainMenuBar">
      <UniqueIdentifier>{8edbf84d-9b0f-4f3c-8764-81c42f37b75c}</UniqueIdentifier>
    </Filter>
    <Filter Include="Header Files\ToolsEngine\ViewElements">
      <UniqueIdentifier>{f288e3be-d22e-4c25-8b6b-2c0723988b6c}</UniqueIdentifier>
    </Filter>
    <Filter Include="Source Files\ToolsEngine\ViewElements">
      <UniqueIdentifier>{6001e7d3-c395-43a2-81eb-66341337448c}</UniqueIdentifier>
    </Filter>
    <Filter Include="Header Files\ToolsEngine\ModelElements">
      <UniqueIdentifier>{46a5ce89-8c6b-4bc3-90de-4fdb55b076b4}</UniqueIdentifier>
    </Filter>
    <Filter Include="Source Files\ToolsEngine\ModelElements">
      <UniqueIdentifier>{9d95da45-8219-4841-bbf3-8617384c5a69}</UniqueIdentifier>
    </Filter>
    <Filter Include="Header Files\ToolsEngine\PropertyChanged">
      <UniqueIdentifier>{578a8250-29cc-468f-a5e9-33f119cada6f}</UniqueIdentifier>
    </Filter>
    <Filter Include="Source Files\ToolsEngine\PropertyChanged">
      <UniqueIdentifier>{eebbe9d8-0420-4e94-964d-12d3c5c5baa7}</UniqueIdentifier>
    </Filter>
    <Filter Include="Header Files\ToolsEngine\GenericProperties">
      <UniqueIdentifier>{bc37fcea-50be-4893-8697-1174d66ed6d6}</UniqueIdentifier>
    </Filter>
    <Filter Include="Source Files\ToolsEngine\GenericProperties">
      <UniqueIdentifier>{b3aef9ba-9b14-44b6-8c3b-62523fd16d23}</UniqueIdentifier>
    </Filter>
    <Filter Include="Header Files\Windows\DockableContainer">
      <UniqueIdentifier>{abf1fcd1-de82-4778-a2f4-266585aefa5d}</UniqueIdentifier>
    </Filter>
    <Filter Include="Source Files\Windows\DockableContainer">
      <UniqueIdentifier>{561d282c-16cd-467e-87a2-0179affdb297}</UniqueIdentifier>
    </Filter>
    <Filter Include="Header Files\Windows\InspectorWindow">
      <UniqueIdentifier>{5931dd26-a927-4466-b963-646885ea8050}</UniqueIdentifier>
    </Filter>
    <Filter Include="Source Files\Windows\InspectorWindow">
      <UniqueIdentifier>{a161830e-c122-46b8-a585-b375d78fa1fc}</UniqueIdentifier>
    </Filter>
    <Filter Include="Source Files\Windows\SceneHeirachy">
      <UniqueIdentifier>{5a02399d-5330-4568-b009-f908479bb409}</UniqueIdentifier>
    </Filter>
    <Filter Include="Header Files\Windows\SceneHierarchy">
      <UniqueIdentifier>{1e279ea1-dff3-4ec8-84e7-b529e527cb73}</UniqueIdentifier>
    </Filter>
    <Filter Include="Header Files\ToolsEngine\Settings">
      <UniqueIdentifier>{2a69ec0d-3d41-469d-b148-71209c1e9215}</UniqueIdentifier>
    </Filter>
    <Filter Include="Source Files\ToolsEngine\Settings">
      <UniqueIdentifier>{84081eed-ce6e-4b68-922b-730e3bf14ec6}</UniqueIdentifier>
    </Filter>
    <Filter Include="Header Files\ToolsEngine\ViewElements\Menu">
      <UniqueIdentifier>{7cbbb88b-1f8c-4fbb-87f3-134db73e64a6}</UniqueIdentifier>
    </Filter>
    <Filter Include="Source Files\ToolsEngine\ViewElements\Menu">
      <UniqueIdentifier>{6576d1ed-50f5-40c6-8b80-34021a9cc479}</UniqueIdentifier>
    </Filter>
    <Filter Include="Header Files\ToolsEngine\ViewElements\TreeView">
      <UniqueIdentifier>{97d74af8-f98f-445b-98e2-67f3db92252b}</UniqueIdentifier>
    </Filter>
    <Filter Include="Source Files\ToolsEngine\ViewElements\TreeView">
      <UniqueIdentifier>{d080dfda-2300-4c68-a86c-09898d3c9b0d}</UniqueIdentifier>
    </Filter>
    <Filter Include="Source Files\ToolsEngine\FrameworkManager">
      <UniqueIdentifier>{1ec5279f-4f2c-4b1a-a87e-0537375a01cf}</UniqueIdentifier>
    </Filter>
    <Filter Include="Header Files\ToolsEngine\FrameworkManager">
      <UniqueIdentifier>{2c2a448a-6ea5-4d77-90c6-92aa1c1bd2e7}</UniqueIdentifier>
    </Filter>
    <Filter Include="Header Files\ToolsEngine\FrameworkManager\DocumentManager">
      <UniqueIdentifier>{635f4475-58d7-4eef-a06d-ec7e50ff1359}</UniqueIdentifier>
    </Filter>
    <Filter Include="Source Files\ToolsEngine\FrameworkManager\DocumentManager">
      <UniqueIdentifier>{376e35bf-6fe0-4936-872b-ee3c432f53a2}</UniqueIdentifier>
    </Filter>
    <Filter Include="Header Files\ToolsEngine\FrameworkManager\DocumentManager\DocumentEvent">
      <UniqueIdentifier>{25e7fef4-1e0a-470e-b544-a7860ca31679}</UniqueIdentifier>
    </Filter>
    <Filter Include="Source Files\ToolsEngine\FrameworkManager\DocumentManager\DocumentEvent">
      <UniqueIdentifier>{b4701d74-f1c4-45ff-b6b3-e5c5c60dace1}</UniqueIdentifier>
    </Filter>
    <Filter Include="Header Files\SystemActions">
      <UniqueIdentifier>{41b36c7e-bce5-4885-b73b-49353276a012}</UniqueIdentifier>
    </Filter>
    <Filter Include="Header Files\SystemActions\FileDialog">
      <UniqueIdentifier>{3f995dd7-6a99-4565-b15c-8d36bffc1afe}</UniqueIdentifier>
    </Filter>
    <Filter Include="Source Files\SystemActions">
      <UniqueIdentifier>{33259973-4eff-4b46-981d-a5d384f9583a}</UniqueIdentifier>
    </Filter>
    <Filter Include="Source Files\SystemActions\FileDialog">
      <UniqueIdentifier>{2fc4dd78-65a3-454a-a293-9c20bf1d16d7}</UniqueIdentifier>
    </Filter>
    <Filter Include="Source Files\ToolsEngine\Documents">
      <UniqueIdentifier>{d5c446d0-6f21-449c-b72d-56c48e15ace4}</UniqueIdentifier>
    </Filter>
    <Filter Include="Source Files\ToolsEngine\Documents\Scene">
      <UniqueIdentifier>{263cda17-29a8-4905-a80b-2f7cb412c5cb}</UniqueIdentifier>
    </Filter>
    <Filter Include="Header Files\ToolsEngine\Documents">
      <UniqueIdentifier>{0e0acbe3-5cc2-4b69-8d41-f062d79a5889}</UniqueIdentifier>
    </Filter>
    <Filter Include="Header Files\ToolsEngine\Documents\Scene">
      <UniqueIdentifier>{781d2afc-9ae1-4685-9d09-596ed6cd82ef}</UniqueIdentifier>
    </Filter>
    <Filter Include="Source Files\ToolsEngine\ViewElements\ColoursAndStyles">
      <UniqueIdentifier>{99e2898e-8c40-474e-bd0f-921dd5c4c177}</UniqueIdentifier>
    </Filter>
    <Filter Include="Header Files\ToolsEngine\ViewElements\ColoursAndStyles">
      <UniqueIdentifier>{1619e39f-92e6-43be-b1dc-ff32a3fa6462}</UniqueIdentifier>
    </Filter>
    <Filter Include="Source Files\ToolsEngine\ViewElements\Window">
      <UniqueIdentifier>{d3055b0a-a9ac-4bdd-8f69-0ebaa5b2cf5a}</UniqueIdentifier>
    </Filter>
  </ItemGroup>
  <ItemGroup>
    <ClInclude Include="framework.h">
      <Filter>Header Files</Filter>
    </ClInclude>
    <ClInclude Include="pch.h">
      <Filter>Header Files</Filter>
    </ClInclude>
    <ClInclude Include="EngineIncludes\EngineInclude.h">
      <Filter>Header Files\EngineInclude</Filter>
    </ClInclude>
    <ClInclude Include="TestComponent\ToolsComponent.h">
      <Filter>Header Files\TestComponent</Filter>
    </ClInclude>
    <ClInclude Include="ToolsEngine\ToolsEngine.h">
      <Filter>Header Files\ToolsEngine</Filter>
    </ClInclude>
    <ClInclude Include="Windows\GameViewport\GameViewport.h">
      <Filter>Header Files\Windows\GameViewport</Filter>
    </ClInclude>
    <ClInclude Include="Windows\UpdateableObject\UpdateableObject.h">
      <Filter>Header Files\Windows\UpdateableObject</Filter>
    </ClInclude>
    <ClInclude Include="ImGuiIncludes.h">
      <Filter>Header Files</Filter>
    </ClInclude>
    <ClInclude Include="ToolsEngine\ToolsEngineEntry.h">
      <Filter>Header Files\ToolsEngine</Filter>
    </ClInclude>
    <ClInclude Include="ToolsEngine\Packages\WindowPackage.h">
      <Filter>Header Files\ToolsEngine\Packages</Filter>
    </ClInclude>
    <ClInclude Include="Windows\LoggerOutput\LoggerOutput.h">
      <Filter>Header Files\Windows\LoggerOutput</Filter>
    </ClInclude>
    <ClInclude Include="Engine\Content\ImGuiTextureManager.h">
      <Filter>Header Files\Engine\Content</Filter>
    </ClInclude>
    <ClInclude Include="Engine\Graphics\ImGuiSuperTexture.h">
      <Filter>Header Files\Engine\Graphics</Filter>
    </ClInclude>
    <ClInclude Include="Engine\Graphics\ImGuiTexture.h">
      <Filter>Header Files\Engine\Graphics</Filter>
    </ClInclude>
    <ClInclude Include="Engine\Graphics\ImGuiSuperTextureWrapper.h">
      <Filter>Header Files\Engine\Graphics</Filter>
    </ClInclude>
    <ClInclude Include="FatedQuestLibraries.h">
      <Filter>Header Files</Filter>
    </ClInclude>
    <ClInclude Include="Windows\LoggerOutput\LogEntry.h">
      <Filter>Header Files\Windows\LoggerOutput</Filter>
    </ClInclude>
    <ClInclude Include="ToolsEngine\Communication\EngineEntryCommunication.h">
      <Filter>Header Files\ToolsEngine\Communication</Filter>
    </ClInclude>
    <ClInclude Include="ToolsEngine\Communication\EnginePlayControl.h">
      <Filter>Header Files\ToolsEngine\Communication</Filter>
    </ClInclude>
    <ClInclude Include="ToolsEngine\Communication\ToolsEngineControl.h">
      <Filter>Header Files\ToolsEngine\Communication</Filter>
    </ClInclude>
    <ClInclude Include="ToolsEngine\Communication\ToolsEngineEntryCommunication.h">
      <Filter>Header Files\ToolsEngine\Communication</Filter>
    </ClInclude>
    <ClInclude Include="ToolsEngine\Communication\EngineFlowControl.h">
      <Filter>Header Files\ToolsEngine\Communication</Filter>
    </ClInclude>
    <ClInclude Include="ToolsEngine\Communication\EngineFlowPlayControl.h">
      <Filter>Header Files\ToolsEngine\Communication</Filter>
    </ClInclude>
    <ClInclude Include="Windows\MainMenuBar\MainMenuBar.h">
      <Filter>Header Files\Windows\MainMenuBar</Filter>
    </ClInclude>
    <ClInclude Include="ToolsEngine\ModelElements\FunctionModel.h">
      <Filter>Header Files\ToolsEngine\ModelElements</Filter>
    </ClInclude>
    <ClInclude Include="ToolsEngine\PropertyChanged\PropertyChangedSubscriptions.h">
      <Filter>Header Files\ToolsEngine\PropertyChanged</Filter>
    </ClInclude>
    <ClInclude Include="ToolsEngine\PropertyChanged\PropertyChangedEvent.h">
      <Filter>Header Files\ToolsEngine\PropertyChanged</Filter>
    </ClInclude>
    <ClInclude Include="ToolsEngine\PropertyChanged\PropertyChangedAction.h">
      <Filter>Header Files\ToolsEngine\PropertyChanged</Filter>
    </ClInclude>
    <ClInclude Include="ToolsEngine\PropertyChanged\PropertyChangedObserver.h">
      <Filter>Header Files\ToolsEngine\PropertyChanged</Filter>
    </ClInclude>
    <ClInclude Include="ToolsEngine\GenericProperties\ValueProperty.h">
      <Filter>Header Files\ToolsEngine\GenericProperties</Filter>
    </ClInclude>
    <ClInclude Include="ToolsEngine\GenericProperties\FunctionProperty.h">
      <Filter>Header Files\ToolsEngine\GenericProperties</Filter>
    </ClInclude>
    <ClInclude Include="Windows\DockableContainer\DockableContainer.h">
      <Filter>Header Files\Windows\DockableContainer</Filter>
    </ClInclude>
    <ClInclude Include="Windows\InspectorWindow\InspectorWindow.h">
      <Filter>Header Files\Windows\InspectorWindow</Filter>
    </ClInclude>
    <ClInclude Include="Windows\SceneHierarchy\SceneHierarchy.h">
      <Filter>Header Files\Windows\SceneHierarchy</Filter>
    </ClInclude>
    <ClInclude Include="ToolsEngine\Settings\LayoutSettings.h">
      <Filter>Header Files\ToolsEngine\Settings</Filter>
    </ClInclude>
    <ClInclude Include="ToolsEngine\Settings\ToolsLayoutSettings.h">
      <Filter>Header Files\ToolsEngine\Settings</Filter>
    </ClInclude>
    <ClInclude Include="ToolsEngine\Settings\SettingsPaths.h">
      <Filter>Header Files\ToolsEngine\Settings</Filter>
    </ClInclude>
    <ClInclude Include="ToolsEngine\Settings\ToolsSettingsPaths.h">
      <Filter>Header Files\ToolsEngine\Settings</Filter>
    </ClInclude>
    <ClInclude Include="Windows\SceneHierarchy\ToolsSceneLoader.h">
      <Filter>Header Files\Windows\SceneHierarchy</Filter>
    </ClInclude>
    <ClInclude Include="ToolsEngine\ViewElements\Menu\MenuItemView.h">
      <Filter>Header Files\ToolsEngine\ViewElements\Menu</Filter>
    </ClInclude>
    <ClInclude Include="ToolsEngine\ViewElements\Menu\MenuView.h">
      <Filter>Header Files\ToolsEngine\ViewElements\Menu</Filter>
    </ClInclude>
    <ClInclude Include="ToolsEngine\ViewElements\TreeView\TreeView.h">
      <Filter>Header Files\ToolsEngine\ViewElements\TreeView</Filter>
    </ClInclude>
    <ClInclude Include="ToolsEngine\ViewElements\TreeView\TreeViewItem.h">
      <Filter>Header Files\ToolsEngine\ViewElements\TreeView</Filter>
    </ClInclude>
    <ClInclude Include="ToolsEngine\ViewElements\TreeView\TreeViewItemCollapsibleBehaviour.h">
      <Filter>Header Files\ToolsEngine\ViewElements\TreeView</Filter>
    </ClInclude>
    <ClInclude Include="ToolsEngine\ViewElements\TreeView\TreeViewItemCollapsibleIcon.h">
      <Filter>Header Files\ToolsEngine\ViewElements\TreeView</Filter>
    </ClInclude>
    <ClInclude Include="ToolsEngine\ViewElements\TreeView\TreeViewItemOnSelectedEventArguments.h">
      <Filter>Header Files\ToolsEngine\ViewElements\TreeView</Filter>
    </ClInclude>
    <ClInclude Include="ToolsEngine\ViewElements\Menu\MenuItemViewEventArguments.h">
      <Filter>Header Files\ToolsEngine\ViewElements\Menu</Filter>
    </ClInclude>
    <ClInclude Include="ToolsEngine\FrameworkManager\FrameworkManager.h">
      <Filter>Header Files\ToolsEngine\FrameworkManager</Filter>
    </ClInclude>
    <ClInclude Include="ToolsEngine\FrameworkManager\ToolsFrameworkManager.h">
      <Filter>Header Files\ToolsEngine\FrameworkManager</Filter>
    </ClInclude>
    <ClInclude Include="ToolsEngine\FrameworkManager\DocumentManager\DocumentManager.h">
      <Filter>Header Files\ToolsEngine\FrameworkManager\DocumentManager</Filter>
    </ClInclude>
    <ClInclude Include="ToolsEngine\FrameworkManager\DocumentManager\ToolsDocumentManager.h">
      <Filter>Header Files\ToolsEngine\FrameworkManager\DocumentManager</Filter>
    </ClInclude>
    <ClInclude Include="ToolsEngine\FrameworkManager\DocumentManager\DocumentEvent\DocumentActionEventArguments.h">
      <Filter>Header Files\ToolsEngine\FrameworkManager\DocumentManager\DocumentEvent</Filter>
    </ClInclude>
    <ClInclude Include="ToolsEngine\FrameworkManager\DocumentManager\DocumentEvent\DocumentEventAction.h">
      <Filter>Header Files\ToolsEngine\FrameworkManager\DocumentManager\DocumentEvent</Filter>
    </ClInclude>
    <ClInclude Include="ToolsEngine\FrameworkManager\DocumentManager\DocumentEvent\DocumentEventOpenLevel.h">
      <Filter>Header Files\ToolsEngine\FrameworkManager\DocumentManager\DocumentEvent</Filter>
    </ClInclude>
    <ClInclude Include="ToolsEngine\FrameworkManager\DocumentManager\Document.h">
      <Filter>Header Files\ToolsEngine\FrameworkManager\DocumentManager</Filter>
    </ClInclude>
    <ClInclude Include="SystemActions\FileDialog\FileDialog.h">
      <Filter>Header Files\SystemActions\FileDialog</Filter>
    </ClInclude>
    <ClInclude Include="SystemActions\FileDialog\FileDialogProvider.h">
      <Filter>Header Files\SystemActions\FileDialog</Filter>
    </ClInclude>
    <ClInclude Include="SystemActions\FileDialog\TinyFileDialogs.h">
      <Filter>Header Files\SystemActions\FileDialog</Filter>
    </ClInclude>
    <ClInclude Include="ToolsEngine\FrameworkManager\DocumentManager\DocumentFactory.h">
      <Filter>Header Files\ToolsEngine\FrameworkManager\DocumentManager</Filter>
    </ClInclude>
    <ClInclude Include="ToolsEngine\FrameworkManager\DocumentManager\DocumentMatcher.h">
      <Filter>Header Files\ToolsEngine\FrameworkManager\DocumentManager</Filter>
    </ClInclude>
    <ClInclude Include="ToolsEngine\Documents\Scene\SceneDocument.h">
      <Filter>Header Files\ToolsEngine\Documents\Scene</Filter>
    </ClInclude>
    <ClInclude Include="ToolsEngine\FrameworkManager\DocumentManager\DocumentCriteria.h">
      <Filter>Header Files\ToolsEngine\FrameworkManager\DocumentManager</Filter>
    </ClInclude>
    <ClInclude Include="Windows\SceneHierarchy\SceneLoader.h">
      <Filter>Header Files\Windows\SceneHierarchy</Filter>
    </ClInclude>
    <ClInclude Include="ToolsEngine\FrameworkManager\DocumentManager\ToolsDocument.h">
      <Filter>Header Files\ToolsEngine\FrameworkManager\DocumentManager</Filter>
    </ClInclude>
    <ClInclude Include="ToolsEngine\ViewElements\ColoursAndStyles\ColoursAndStyles.h">
      <Filter>Header Files\ToolsEngine\ViewElements\ColoursAndStyles</Filter>
    </ClInclude>
    <ClInclude Include="ToolsEngine\ViewElements\ColoursAndStyles\ToolsColoursAndStyles.h">
      <Filter>Header Files\ToolsEngine\ViewElements\ColoursAndStyles</Filter>
    </ClInclude>
    <ClInclude Include="ToolsEngine\ViewElements\ColoursAndStyles\ColourIdentity.h">
      <Filter>Header Files\ToolsEngine\ViewElements\ColoursAndStyles</Filter>
    </ClInclude>
    <ClInclude Include="ToolsEngine\ViewElements\ColoursAndStyles\ColourPalette.h">
      <Filter>Header Files\ToolsEngine\ViewElements\ColoursAndStyles</Filter>
    </ClInclude>
    <ClInclude Include="ToolsEngine\ViewElements\Window\WindowElement.h">
      <Filter>Header Files</Filter>
    </ClInclude>
    <ClInclude Include="ToolsEngine\ViewElements\ColoursAndStyles\EmbeddedFont.h">
      <Filter>Header Files\ToolsEngine\ViewElements\ColoursAndStyles</Filter>
    </ClInclude>
  </ItemGroup>
  <ItemGroup>
    <ClCompile Include="pch.cpp">
      <Filter>Source Files</Filter>
    </ClCompile>
    <ClCompile Include="EngineIncludes\EngineInclude.cpp">
      <Filter>Source Files\EngineInclude</Filter>
    </ClCompile>
    <ClCompile Include="TestComponent\ToolsComponent.cpp">
      <Filter>Source Files\TestComponent</Filter>
    </ClCompile>
    <ClCompile Include="ToolsEngine\ToolsEngine.cpp">
      <Filter>Source Files\ToolsEngine</Filter>
    </ClCompile>
    <ClCompile Include="Windows\GameViewport\GameViewport.cpp">
      <Filter>Source Files\Windows\GameViewport</Filter>
    </ClCompile>
    <ClCompile Include="ToolsEngine\ToolsEngineEntry.cpp">
      <Filter>Source Files\ToolsEngine</Filter>
    </ClCompile>
    <ClCompile Include="ToolsEngine\Packages\WindowPackage.cpp">
      <Filter>Source Files\ToolsEngine\Packages</Filter>
    </ClCompile>
    <ClCompile Include="Windows\LoggerOutput\LoggerOutput.cpp">
      <Filter>Source Files\Windows\LoggerOutput</Filter>
    </ClCompile>
    <ClCompile Include="Engine\Content\ImGuiTextureManager.cpp">
      <Filter>Source Files\Engine\Content</Filter>
    </ClCompile>
    <ClCompile Include="Engine\Graphics\ImGuiSuperTexture.cpp">
      <Filter>Source Files\Engine\Graphics</Filter>
    </ClCompile>
    <ClCompile Include="Engine\Graphics\ImGuiSuperTextureWrapper.cpp">
      <Filter>Source Files\Engine\Graphics</Filter>
    </ClCompile>
    <ClCompile Include="Engine\Graphics\ImGuiTexture.cpp">
      <Filter>Source Files\Engine\Graphics</Filter>
    </ClCompile>
    <ClCompile Include="Windows\LoggerOutput\LogEntry.cpp">
      <Filter>Source Files\Windows\LoggerOutput</Filter>
    </ClCompile>
    <ClCompile Include="ToolsEngine\Communication\ToolsEngineControl.cpp">
      <Filter>Source Files\ToolsEngine\Communication</Filter>
    </ClCompile>
    <ClCompile Include="ToolsEngine\Communication\ToolsEngineEntryCommunication.cpp">
      <Filter>Source Files\ToolsEngine\Communication</Filter>
    </ClCompile>
    <ClCompile Include="Windows\MainMenuBar\MainMenuBar.cpp">
      <Filter>Source Files\Windows\MainMenuBar</Filter>
    </ClCompile>
    <ClCompile Include="ToolsEngine\PropertyChanged\PropertyChangedEvent.cpp">
      <Filter>Source Files\ToolsEngine\PropertyChanged</Filter>
    </ClCompile>
    <ClCompile Include="Windows\DockableContainer\DockableContainer.cpp">
      <Filter>Source Files\Windows\DockableContainer</Filter>
    </ClCompile>
    <ClCompile Include="Windows\InspectorWindow\InspectorWindow.cpp">
      <Filter>Source Files\Windows\InspectorWindow</Filter>
    </ClCompile>
    <ClCompile Include="Windows\SceneHierarchy\SceneHierarchy.cpp">
      <Filter>Source Files\Windows\SceneHeirachy</Filter>
    </ClCompile>
    <ClCompile Include="ToolsEngine\Settings\ToolsLayoutSettings.cpp">
      <Filter>Source Files\ToolsEngine\Settings</Filter>
    </ClCompile>
    <ClCompile Include="ToolsEngine\Settings\ToolsSettingsPaths.cpp">
      <Filter>Source Files\ToolsEngine\Settings</Filter>
    </ClCompile>
    <ClCompile Include="ToolsEngine\ViewElements\Menu\MenuItemView.cpp">
      <Filter>Source Files\ToolsEngine\ViewElements\Menu</Filter>
    </ClCompile>
    <ClCompile Include="ToolsEngine\ViewElements\Menu\MenuView.cpp">
      <Filter>Source Files\ToolsEngine\ViewElements\Menu</Filter>
    </ClCompile>
    <ClCompile Include="ToolsEngine\ViewElements\TreeView\TreeView.cpp">
      <Filter>Source Files\ToolsEngine\ViewElements\TreeView</Filter>
    </ClCompile>
    <ClCompile Include="ToolsEngine\ViewElements\TreeView\TreeViewItem.cpp">
      <Filter>Source Files\ToolsEngine\ViewElements\TreeView</Filter>
    </ClCompile>
    <ClCompile Include="ToolsEngine\FrameworkManager\ToolsFrameworkManager.cpp">
      <Filter>Source Files\ToolsEngine\FrameworkManager</Filter>
    </ClCompile>
    <ClCompile Include="ToolsEngine\FrameworkManager\DocumentManager\ToolsDocumentManager.cpp">
      <Filter>Source Files\ToolsEngine\FrameworkManager\DocumentManager</Filter>
    </ClCompile>
    <ClCompile Include="SystemActions\FileDialog\FileDialogProvider.cpp">
      <Filter>Source Files\SystemActions\FileDialog</Filter>
    </ClCompile>
    <ClCompile Include="SystemActions\FileDialog\TinyFileDialogs.cpp">
      <Filter>Source Files\SystemActions\FileDialog</Filter>
    </ClCompile>
    <ClCompile Include="ToolsEngine\FrameworkManager\DocumentManager\DocumentFactory.cpp">
      <Filter>Source Files\ToolsEngine\FrameworkManager\DocumentManager</Filter>
    </ClCompile>
    <ClCompile Include="ToolsEngine\Documents\Scene\SceneDocument.cpp">
      <Filter>Source Files\ToolsEngine\Documents\Scene</Filter>
    </ClCompile>
    <ClCompile Include="ToolsEngine\FrameworkManager\DocumentManager\ToolsDocument.cpp">
      <Filter>Source Files\ToolsEngine\FrameworkManager\DocumentManager</Filter>
    </ClCompile>
    <ClCompile Include="Windows\SceneHierarchy\ToolsSceneLoader.cpp">
      <Filter>Source Files\Windows\SceneHeirachy</Filter>
    </ClCompile>
    <ClCompile Include="ToolsEngine\ViewElements\ColoursAndStyles\ToolsColoursAndStyles.cpp">
      <Filter>Source Files\ToolsEngine\ViewElements\ColoursAndStyles</Filter>
    </ClCompile>
    <ClCompile Include="ToolsEngine\ViewElements\Window\WindowElement.cpp">
      <Filter>Source Files\ToolsEngine\ViewElements\Window</Filter>
    </ClCompile>
  </ItemGroup>
  <ItemGroup>
    <None Include="packages.config">
      <Filter>Source Files</Filter>
    </None>
  </ItemGroup>
</Project>